
Microsoft Visual Studio Solution File, Format Version 12.00
# Visual Studio 15
VisualStudioVersion = 15.0.28307.757
MinimumVisualStudioVersion = 10.0.40219.1
Project("{FAE04EC0-301F-11D3-BF4B-00C04F79EFBC}") = "Pattern_", "Pattern_\Pattern_.csproj", "{216DDA2E-FD29-4166-9F28-D576FE69F2D3}"
EndProject
Global
	GlobalSection(SolutionConfigurationPlatforms) = preSolution
		Debug|Any CPU = Debug|Any CPU
		Release|Any CPU = Release|Any CPU
	EndGlobalSection
	GlobalSection(ProjectConfigurationPlatforms) = postSolution
		{216DDA2E-FD29-4166-9F28-D576FE69F2D3}.Debug|Any CPU.ActiveCfg = Debug|Any CPU
		{216DDA2E-FD29-4166-9F28-D576FE69F2D3}.Debug|Any CPU.Build.0 = Debug|Any CPU
		{216DDA2E-FD29-4166-9F28-D576FE69F2D3}.Release|Any CPU.ActiveCfg = Release|Any CPU
		{216DDA2E-FD29-4166-9F28-D576FE69F2D3}.Release|Any CPU.Build.0 = Release|Any CPU
	EndGlobalSection
	GlobalSection(SolutionProperties) = preSolution
		HideSolutionNode = FALSE
	EndGlobalSection
	GlobalSection(ExtensibilityGlobals) = postSolution
		SolutionGuid = {19888A4C-EBD8-4450-AB5A-F3A8E29D7AF1}
	EndGlobalSection
EndGlobal
