
Microsoft Visual Studio Solution File, Format Version 12.00
# Visual Studio 15
VisualStudioVersion = 15.0.28307.757
MinimumVisualStudioVersion = 10.0.40219.1
Project("{FAE04EC0-301F-11D3-BF4B-00C04F79EFBC}") = "Thread_", "Thread_\Thread_.csproj", "{E53254CC-B6E7-42AE-9EA3-026165652296}"
EndProject
Global
	GlobalSection(SolutionConfigurationPlatforms) = preSolution
		Debug|Any CPU = Debug|Any CPU
		Release|Any CPU = Release|Any CPU
	EndGlobalSection
	GlobalSection(ProjectConfigurationPlatforms) = postSolution
		{E53254CC-B6E7-42AE-9EA3-026165652296}.Debug|Any CPU.ActiveCfg = Debug|Any CPU
		{E53254CC-B6E7-42AE-9EA3-026165652296}.Debug|Any CPU.Build.0 = Debug|Any CPU
		{E53254CC-B6E7-42AE-9EA3-026165652296}.Release|Any CPU.ActiveCfg = Release|Any CPU
		{E53254CC-B6E7-42AE-9EA3-026165652296}.Release|Any CPU.Build.0 = Release|Any CPU
	EndGlobalSection
	GlobalSection(SolutionProperties) = preSolution
		HideSolutionNode = FALSE
	EndGlobalSection
	GlobalSection(ExtensibilityGlobals) = postSolution
		SolutionGuid = {169096E7-7577-4908-A98E-F3BC4A53CE60}
	EndGlobalSection
EndGlobal
