
Microsoft Visual Studio Solution File, Format Version 12.00
# Visual Studio 15
VisualStudioVersion = 15.0.28307.421
MinimumVisualStudioVersion = 10.0.40219.1
Project("{FAE04EC0-301F-11D3-BF4B-00C04F79EFBC}") = "XamFormsMessagingCenter.Android", "XamFormsMessagingCenter\XamFormsMessagingCenter.Android\XamFormsMessagingCenter.Android.csproj", "{18195377-0FC5-46A4-87B0-D0DC830C038B}"
EndProject
Project("{FAE04EC0-301F-11D3-BF4B-00C04F79EFBC}") = "XamFormsMessagingCenter", "XamFormsMessagingCenter\XamFormsMessagingCenter\XamFormsMessagingCenter.csproj", "{1B4DF2E0-C52E-4E00-A86A-027B2244CE3A}"
EndProject
Global
	GlobalSection(SolutionConfigurationPlatforms) = preSolution
		Debug|Any CPU = Debug|Any CPU
		Release|Any CPU = Release|Any CPU
	EndGlobalSection
	GlobalSection(ProjectConfigurationPlatforms) = postSolution
		{18195377-0FC5-46A4-87B0-D0DC830C038B}.Debug|Any CPU.ActiveCfg = Debug|Any CPU
		{18195377-0FC5-46A4-87B0-D0DC830C038B}.Debug|Any CPU.Build.0 = Debug|Any CPU
		{18195377-0FC5-46A4-87B0-D0DC830C038B}.Debug|Any CPU.Deploy.0 = Debug|Any CPU
		{18195377-0FC5-46A4-87B0-D0DC830C038B}.Release|Any CPU.ActiveCfg = Release|Any CPU
		{18195377-0FC5-46A4-87B0-D0DC830C038B}.Release|Any CPU.Build.0 = Release|Any CPU
		{18195377-0FC5-46A4-87B0-D0DC830C038B}.Release|Any CPU.Deploy.0 = Release|Any CPU
		{1B4DF2E0-C52E-4E00-A86A-027B2244CE3A}.Debug|Any CPU.ActiveCfg = Debug|Any CPU
		{1B4DF2E0-C52E-4E00-A86A-027B2244CE3A}.Debug|Any CPU.Build.0 = Debug|Any CPU
		{1B4DF2E0-C52E-4E00-A86A-027B2244CE3A}.Release|Any CPU.ActiveCfg = Release|Any CPU
		{1B4DF2E0-C52E-4E00-A86A-027B2244CE3A}.Release|Any CPU.Build.0 = Release|Any CPU
	EndGlobalSection
	GlobalSection(SolutionProperties) = preSolution
		HideSolutionNode = FALSE
	EndGlobalSection
	GlobalSection(ExtensibilityGlobals) = postSolution
		SolutionGuid = {0A883D07-A232-43BA-A0B4-82B2E6094BD1}
	EndGlobalSection
EndGlobal
