
Microsoft Visual Studio Solution File, Format Version 12.00
# Visual Studio Version 17
VisualStudioVersion = 17.4.33205.214
MinimumVisualStudioVersion = 10.0.40219.1
Project("{FAE04EC0-301F-11D3-BF4B-00C04F79EFBC}") = "Sample", "Sample\Sample.csproj", "{59D01C58-8DAA-4E90-8A4A-48A62BCEE733}"
EndProject
Global
	GlobalSection(SolutionConfigurationPlatforms) = preSolution
		Debug|Any CPU = Debug|Any CPU
		Release|Any CPU = Release|Any CPU
	EndGlobalSection
	GlobalSection(ProjectConfigurationPlatforms) = postSolution
		{59D01C58-8DAA-4E90-8A4A-48A62BCEE733}.Debug|Any CPU.ActiveCfg = Debug|Any CPU
		{59D01C58-8DAA-4E90-8A4A-48A62BCEE733}.Debug|Any CPU.Build.0 = Debug|Any CPU
		{59D01C58-8DAA-4E90-8A4A-48A62BCEE733}.Release|Any CPU.ActiveCfg = Release|Any CPU
		{59D01C58-8DAA-4E90-8A4A-48A62BCEE733}.Release|Any CPU.Build.0 = Release|Any CPU
	EndGlobalSection
	GlobalSection(SolutionProperties) = preSolution
		HideSolutionNode = FALSE
	EndGlobalSection
	GlobalSection(ExtensibilityGlobals) = postSolution
		SolutionGuid = {91D4F0E4-EBA0-4CCE-86B6-DC452A8D6395}
	EndGlobalSection
EndGlobal
