
Microsoft Visual Studio Solution File, Format Version 12.00
# Visual Studio Version 16
VisualStudioVersion = 16.0.31112.23
MinimumVisualStudioVersion = 10.0.40219.1
Project("{888888A0-9F3D-457C-B088-3A5042F75D52}") = "Sample", "Sample\Sample.pyproj", "{052C5C72-82CB-422F-BB33-F3C1C872CA40}"
EndProject
Global
	GlobalSection(SolutionConfigurationPlatforms) = preSolution
		Debug|Any CPU = Debug|Any CPU
		Release|Any CPU = Release|Any CPU
	EndGlobalSection
	GlobalSection(ProjectConfigurationPlatforms) = postSolution
		{052C5C72-82CB-422F-BB33-F3C1C872CA40}.Debug|Any CPU.ActiveCfg = Debug|Any CPU
		{052C5C72-82CB-422F-BB33-F3C1C872CA40}.Release|Any CPU.ActiveCfg = Release|Any CPU
	EndGlobalSection
	GlobalSection(SolutionProperties) = preSolution
		HideSolutionNode = FALSE
	EndGlobalSection
	GlobalSection(ExtensibilityGlobals) = postSolution
		SolutionGuid = {512F3EAA-27B7-4EE2-877C-F8CE77140F63}
	EndGlobalSection
EndGlobal
