
Microsoft Visual Studio Solution File, Format Version 12.00
# Visual Studio Version 17
VisualStudioVersion = 17.11.35312.102
MinimumVisualStudioVersion = 10.0.40219.1
Project("{FAE04EC0-301F-11D3-BF4B-00C04F79EFBC}") = "01_Hello_MAUI", "01_Hello_MAUI.csproj", "{13C648A3-C64E-4994-AD33-CB36296666FB}"
EndProject
Global
	GlobalSection(SolutionConfigurationPlatforms) = preSolution
		Debug|Any CPU = Debug|Any CPU
		Release|Any CPU = Release|Any CPU
	EndGlobalSection
	GlobalSection(ProjectConfigurationPlatforms) = postSolution
		{13C648A3-C64E-4994-AD33-CB36296666FB}.Debug|Any CPU.ActiveCfg = Debug|Any CPU
		{13C648A3-C64E-4994-AD33-CB36296666FB}.Debug|Any CPU.Build.0 = Debug|Any CPU
		{13C648A3-C64E-4994-AD33-CB36296666FB}.Debug|Any CPU.Deploy.0 = Debug|Any CPU
		{13C648A3-C64E-4994-AD33-CB36296666FB}.Release|Any CPU.ActiveCfg = Release|Any CPU
		{13C648A3-C64E-4994-AD33-CB36296666FB}.Release|Any CPU.Build.0 = Release|Any CPU
	EndGlobalSection
	GlobalSection(SolutionProperties) = preSolution
		HideSolutionNode = FALSE
	EndGlobalSection
	GlobalSection(ExtensibilityGlobals) = postSolution
		SolutionGuid = {CCDB3F7C-9B53-40CE-B927-52EE3426CEAC}
	EndGlobalSection
EndGlobal
