
Microsoft Visual Studio Solution File, Format Version 12.00
# Visual Studio Version 17
VisualStudioVersion = 17.3.32811.315
MinimumVisualStudioVersion = 10.0.40219.1
Project("{888888A0-9F3D-457C-B088-3A5042F75D52}") = "Sample", "Sample\Sample.pyproj", "{E955C824-F41B-4E2C-8F88-3C5275EF4982}"
EndProject
Global
	GlobalSection(SolutionConfigurationPlatforms) = preSolution
		Debug|Any CPU = Debug|Any CPU
		Release|Any CPU = Release|Any CPU
	EndGlobalSection
	GlobalSection(ProjectConfigurationPlatforms) = postSolution
		{E955C824-F41B-4E2C-8F88-3C5275EF4982}.Debug|Any CPU.ActiveCfg = Debug|Any CPU
		{E955C824-F41B-4E2C-8F88-3C5275EF4982}.Release|Any CPU.ActiveCfg = Release|Any CPU
	EndGlobalSection
	GlobalSection(SolutionProperties) = preSolution
		HideSolutionNode = FALSE
	EndGlobalSection
	GlobalSection(ExtensibilityGlobals) = postSolution
		SolutionGuid = {0F416EAF-FBF3-4B9F-8542-E37514347A58}
	EndGlobalSection
EndGlobal
