
Microsoft Visual Studio Solution File, Format Version 12.00
# Visual Studio 15
VisualStudioVersion = 15.0.28307.168
MinimumVisualStudioVersion = 10.0.40219.1
Project("{FAE04EC0-301F-11D3-BF4B-00C04F79EFBC}") = "YT MVVM 01 INotifyPropertyChanged", "YT MVVM 01 INotifyPropertyChanged\YT MVVM 01 INotifyPropertyChanged.csproj", "{C6A81FB8-A508-483E-ABA1-921A22F58F62}"
EndProject
Global
	GlobalSection(SolutionConfigurationPlatforms) = preSolution
		Debug|Any CPU = Debug|Any CPU
		Release|Any CPU = Release|Any CPU
	EndGlobalSection
	GlobalSection(ProjectConfigurationPlatforms) = postSolution
		{C6A81FB8-A508-483E-ABA1-921A22F58F62}.Debug|Any CPU.ActiveCfg = Debug|Any CPU
		{C6A81FB8-A508-483E-ABA1-921A22F58F62}.Debug|Any CPU.Build.0 = Debug|Any CPU
		{C6A81FB8-A508-483E-ABA1-921A22F58F62}.Release|Any CPU.ActiveCfg = Release|Any CPU
		{C6A81FB8-A508-483E-ABA1-921A22F58F62}.Release|Any CPU.Build.0 = Release|Any CPU
	EndGlobalSection
	GlobalSection(SolutionProperties) = preSolution
		HideSolutionNode = FALSE
	EndGlobalSection
	GlobalSection(ExtensibilityGlobals) = postSolution
		SolutionGuid = {000DE903-2FB6-42F3-8AB6-3B184D819E08}
	EndGlobalSection
EndGlobal
