
Microsoft Visual Studio Solution File, Format Version 12.00
# Visual Studio Version 16
VisualStudioVersion = 16.0.31112.23
MinimumVisualStudioVersion = 10.0.40219.1
Project("{FAE04EC0-301F-11D3-BF4B-00C04F79EFBC}") = "HandsOn_Book", "HandsOn_Book\HandsOn_Book.csproj", "{1DDCA081-AC8B-41D7-B4B2-7C9F173B01E8}"
EndProject
Global
	GlobalSection(SolutionConfigurationPlatforms) = preSolution
		Debug|Any CPU = Debug|Any CPU
		Release|Any CPU = Release|Any CPU
	EndGlobalSection
	GlobalSection(ProjectConfigurationPlatforms) = postSolution
		{1DDCA081-AC8B-41D7-B4B2-7C9F173B01E8}.Debug|Any CPU.ActiveCfg = Debug|Any CPU
		{1DDCA081-AC8B-41D7-B4B2-7C9F173B01E8}.Debug|Any CPU.Build.0 = Debug|Any CPU
		{1DDCA081-AC8B-41D7-B4B2-7C9F173B01E8}.Release|Any CPU.ActiveCfg = Release|Any CPU
		{1DDCA081-AC8B-41D7-B4B2-7C9F173B01E8}.Release|Any CPU.Build.0 = Release|Any CPU
	EndGlobalSection
	GlobalSection(SolutionProperties) = preSolution
		HideSolutionNode = FALSE
	EndGlobalSection
	GlobalSection(ExtensibilityGlobals) = postSolution
		SolutionGuid = {AB1272B3-E408-4EFE-8F65-2E5B690597FA}
	EndGlobalSection
EndGlobal
