
Microsoft Visual Studio Solution File, Format Version 12.00
# Visual Studio Version 16
VisualStudioVersion = 16.0.31112.23
MinimumVisualStudioVersion = 10.0.40219.1
Project("{888888A0-9F3D-457C-B088-3A5042F75D52}") = "BookByExample", "BookByExample\BookByExample.pyproj", "{91949358-1FB4-4630-81A4-E4E4A1FE32B7}"
EndProject
Global
	GlobalSection(SolutionConfigurationPlatforms) = preSolution
		Debug|Any CPU = Debug|Any CPU
		Release|Any CPU = Release|Any CPU
	EndGlobalSection
	GlobalSection(ProjectConfigurationPlatforms) = postSolution
		{91949358-1FB4-4630-81A4-E4E4A1FE32B7}.Debug|Any CPU.ActiveCfg = Debug|Any CPU
		{91949358-1FB4-4630-81A4-E4E4A1FE32B7}.Release|Any CPU.ActiveCfg = Release|Any CPU
	EndGlobalSection
	GlobalSection(SolutionProperties) = preSolution
		HideSolutionNode = FALSE
	EndGlobalSection
	GlobalSection(ExtensibilityGlobals) = postSolution
		SolutionGuid = {AC2F039C-665B-485B-9627-8380E503274E}
	EndGlobalSection
EndGlobal
