
Microsoft Visual Studio Solution File, Format Version 12.00
# Visual Studio 15
VisualStudioVersion = 15.0.28307.539
MinimumVisualStudioVersion = 10.0.40219.1
Project("{FAE04EC0-301F-11D3-BF4B-00C04F79EFBC}") = "microsoftSpeech", "microsoftSpeech\microsoftSpeech.csproj", "{6922CE0F-AF6E-473B-801E-3BA83B32E2B1}"
EndProject
Global
	GlobalSection(SolutionConfigurationPlatforms) = preSolution
		Debug|Any CPU = Debug|Any CPU
		Debug|x64 = Debug|x64
		Release|Any CPU = Release|Any CPU
		Release|x64 = Release|x64
	EndGlobalSection
	GlobalSection(ProjectConfigurationPlatforms) = postSolution
		{6922CE0F-AF6E-473B-801E-3BA83B32E2B1}.Debug|Any CPU.ActiveCfg = Debug|Any CPU
		{6922CE0F-AF6E-473B-801E-3BA83B32E2B1}.Debug|Any CPU.Build.0 = Debug|Any CPU
		{6922CE0F-AF6E-473B-801E-3BA83B32E2B1}.Debug|x64.ActiveCfg = Debug|x64
		{6922CE0F-AF6E-473B-801E-3BA83B32E2B1}.Debug|x64.Build.0 = Debug|x64
		{6922CE0F-AF6E-473B-801E-3BA83B32E2B1}.Release|Any CPU.ActiveCfg = Release|Any CPU
		{6922CE0F-AF6E-473B-801E-3BA83B32E2B1}.Release|Any CPU.Build.0 = Release|Any CPU
		{6922CE0F-AF6E-473B-801E-3BA83B32E2B1}.Release|x64.ActiveCfg = Release|x64
		{6922CE0F-AF6E-473B-801E-3BA83B32E2B1}.Release|x64.Build.0 = Release|x64
	EndGlobalSection
	GlobalSection(SolutionProperties) = preSolution
		HideSolutionNode = FALSE
	EndGlobalSection
	GlobalSection(ExtensibilityGlobals) = postSolution
		SolutionGuid = {1C8563C7-335F-494B-B6D0-38F20EF25FCE}
	EndGlobalSection
EndGlobal
