
Microsoft Visual Studio Solution File, Format Version 12.00
# Visual Studio 15
VisualStudioVersion = 15.0.28307.421
MinimumVisualStudioVersion = 10.0.40219.1
Project("{FAE04EC0-301F-11D3-BF4B-00C04F79EFBC}") = "XamNotify.Android", "XamNotify\XamNotify.Android\XamNotify.Android.csproj", "{A8903267-6A94-4969-8680-266D637C34B1}"
EndProject
Project("{FAE04EC0-301F-11D3-BF4B-00C04F79EFBC}") = "XamNotify", "XamNotify\XamNotify\XamNotify.csproj", "{CEAAAD3F-008E-4E38-9147-810A478114A7}"
EndProject
Global
	GlobalSection(SolutionConfigurationPlatforms) = preSolution
		Debug|Any CPU = Debug|Any CPU
		Release|Any CPU = Release|Any CPU
	EndGlobalSection
	GlobalSection(ProjectConfigurationPlatforms) = postSolution
		{A8903267-6A94-4969-8680-266D637C34B1}.Debug|Any CPU.ActiveCfg = Debug|Any CPU
		{A8903267-6A94-4969-8680-266D637C34B1}.Debug|Any CPU.Build.0 = Debug|Any CPU
		{A8903267-6A94-4969-8680-266D637C34B1}.Debug|Any CPU.Deploy.0 = Debug|Any CPU
		{A8903267-6A94-4969-8680-266D637C34B1}.Release|Any CPU.ActiveCfg = Release|Any CPU
		{A8903267-6A94-4969-8680-266D637C34B1}.Release|Any CPU.Build.0 = Release|Any CPU
		{A8903267-6A94-4969-8680-266D637C34B1}.Release|Any CPU.Deploy.0 = Release|Any CPU
		{CEAAAD3F-008E-4E38-9147-810A478114A7}.Debug|Any CPU.ActiveCfg = Debug|Any CPU
		{CEAAAD3F-008E-4E38-9147-810A478114A7}.Debug|Any CPU.Build.0 = Debug|Any CPU
		{CEAAAD3F-008E-4E38-9147-810A478114A7}.Release|Any CPU.ActiveCfg = Release|Any CPU
		{CEAAAD3F-008E-4E38-9147-810A478114A7}.Release|Any CPU.Build.0 = Release|Any CPU
	EndGlobalSection
	GlobalSection(SolutionProperties) = preSolution
		HideSolutionNode = FALSE
	EndGlobalSection
	GlobalSection(ExtensibilityGlobals) = postSolution
		SolutionGuid = {7409071A-E72E-4835-903C-C737CF7BC9BC}
	EndGlobalSection
EndGlobal
