
Microsoft Visual Studio Solution File, Format Version 12.00
# Visual Studio 15
VisualStudioVersion = 15.0.28307.168
MinimumVisualStudioVersion = 10.0.40219.1
Project("{FAE04EC0-301F-11D3-BF4B-00C04F79EFBC}") = "34 Wspolbieznosc i async", "34 Wspolbieznosc i async\34 Wspolbieznosc i async.csproj", "{E0EF383D-40E6-4A91-AE81-9A7A98FC86D4}"
EndProject
Global
	GlobalSection(SolutionConfigurationPlatforms) = preSolution
		Debug|Any CPU = Debug|Any CPU
		Release|Any CPU = Release|Any CPU
	EndGlobalSection
	GlobalSection(ProjectConfigurationPlatforms) = postSolution
		{E0EF383D-40E6-4A91-AE81-9A7A98FC86D4}.Debug|Any CPU.ActiveCfg = Debug|Any CPU
		{E0EF383D-40E6-4A91-AE81-9A7A98FC86D4}.Debug|Any CPU.Build.0 = Debug|Any CPU
		{E0EF383D-40E6-4A91-AE81-9A7A98FC86D4}.Release|Any CPU.ActiveCfg = Release|Any CPU
		{E0EF383D-40E6-4A91-AE81-9A7A98FC86D4}.Release|Any CPU.Build.0 = Release|Any CPU
	EndGlobalSection
	GlobalSection(SolutionProperties) = preSolution
		HideSolutionNode = FALSE
	EndGlobalSection
	GlobalSection(ExtensibilityGlobals) = postSolution
		SolutionGuid = {D113A58F-59FE-4196-94F6-474C6FE5BA72}
	EndGlobalSection
EndGlobal
