
Microsoft Visual Studio Solution File, Format Version 12.00
# Visual Studio Version 16
VisualStudioVersion = 16.0.30413.136
MinimumVisualStudioVersion = 10.0.40219.1
Project("{9A19103F-16F7-4668-BE54-9A1E7A4F7556}") = "AuthSample", "AuthSample\AuthSample.csproj", "{6C06FEBC-BB94-4C7F-A87D-1CFC23E5B25F}"
EndProject
Global
	GlobalSection(SolutionConfigurationPlatforms) = preSolution
		Debug|Any CPU = Debug|Any CPU
		Release|Any CPU = Release|Any CPU
	EndGlobalSection
	GlobalSection(ProjectConfigurationPlatforms) = postSolution
		{6C06FEBC-BB94-4C7F-A87D-1CFC23E5B25F}.Debug|Any CPU.ActiveCfg = Debug|Any CPU
		{6C06FEBC-BB94-4C7F-A87D-1CFC23E5B25F}.Debug|Any CPU.Build.0 = Debug|Any CPU
		{6C06FEBC-BB94-4C7F-A87D-1CFC23E5B25F}.Release|Any CPU.ActiveCfg = Release|Any CPU
		{6C06FEBC-BB94-4C7F-A87D-1CFC23E5B25F}.Release|Any CPU.Build.0 = Release|Any CPU
	EndGlobalSection
	GlobalSection(SolutionProperties) = preSolution
		HideSolutionNode = FALSE
	EndGlobalSection
	GlobalSection(ExtensibilityGlobals) = postSolution
		SolutionGuid = {19BBF991-C8BD-4D29-8E7C-81EBDB52ADCA}
	EndGlobalSection
EndGlobal
