
Microsoft Visual Studio Solution File, Format Version 12.00
# Visual Studio 15
VisualStudioVersion = 15.0.28307.168
MinimumVisualStudioVersion = 10.0.40219.1
Project("{FAE04EC0-301F-11D3-BF4B-00C04F79EFBC}") = "25 Przeliczalnosc", "25 Przeliczalnosc\25 Przeliczalnosc.csproj", "{08FD526D-E90F-4C33-9608-6E307E215162}"
EndProject
Global
	GlobalSection(SolutionConfigurationPlatforms) = preSolution
		Debug|Any CPU = Debug|Any CPU
		Release|Any CPU = Release|Any CPU
	EndGlobalSection
	GlobalSection(ProjectConfigurationPlatforms) = postSolution
		{08FD526D-E90F-4C33-9608-6E307E215162}.Debug|Any CPU.ActiveCfg = Debug|Any CPU
		{08FD526D-E90F-4C33-9608-6E307E215162}.Debug|Any CPU.Build.0 = Debug|Any CPU
		{08FD526D-E90F-4C33-9608-6E307E215162}.Release|Any CPU.ActiveCfg = Release|Any CPU
		{08FD526D-E90F-4C33-9608-6E307E215162}.Release|Any CPU.Build.0 = Release|Any CPU
	EndGlobalSection
	GlobalSection(SolutionProperties) = preSolution
		HideSolutionNode = FALSE
	EndGlobalSection
	GlobalSection(ExtensibilityGlobals) = postSolution
		SolutionGuid = {78BA984B-D825-40E2-9E1E-31BED4CE985C}
	EndGlobalSection
EndGlobal
