
Microsoft Visual Studio Solution File, Format Version 12.00
# Visual Studio 15
VisualStudioVersion = 15.0.28307.421
MinimumVisualStudioVersion = 10.0.40219.1
Project("{FAE04EC0-301F-11D3-BF4B-00C04F79EFBC}") = "BehaviorTriggers.Android", "BehaviorTriggers\BehaviorTriggers.Android\BehaviorTriggers.Android.csproj", "{12784FEB-7E41-4CFB-ADB1-D7DF37863F66}"
EndProject
Project("{FAE04EC0-301F-11D3-BF4B-00C04F79EFBC}") = "BehaviorTriggers", "BehaviorTriggers\BehaviorTriggers\BehaviorTriggers.csproj", "{4557B623-207E-4064-8B21-038A1EB7E54E}"
EndProject
Global
	GlobalSection(SolutionConfigurationPlatforms) = preSolution
		Debug|Any CPU = Debug|Any CPU
		Release|Any CPU = Release|Any CPU
	EndGlobalSection
	GlobalSection(ProjectConfigurationPlatforms) = postSolution
		{12784FEB-7E41-4CFB-ADB1-D7DF37863F66}.Debug|Any CPU.ActiveCfg = Debug|Any CPU
		{12784FEB-7E41-4CFB-ADB1-D7DF37863F66}.Debug|Any CPU.Build.0 = Debug|Any CPU
		{12784FEB-7E41-4CFB-ADB1-D7DF37863F66}.Debug|Any CPU.Deploy.0 = Debug|Any CPU
		{12784FEB-7E41-4CFB-ADB1-D7DF37863F66}.Release|Any CPU.ActiveCfg = Release|Any CPU
		{12784FEB-7E41-4CFB-ADB1-D7DF37863F66}.Release|Any CPU.Build.0 = Release|Any CPU
		{12784FEB-7E41-4CFB-ADB1-D7DF37863F66}.Release|Any CPU.Deploy.0 = Release|Any CPU
		{4557B623-207E-4064-8B21-038A1EB7E54E}.Debug|Any CPU.ActiveCfg = Debug|Any CPU
		{4557B623-207E-4064-8B21-038A1EB7E54E}.Debug|Any CPU.Build.0 = Debug|Any CPU
		{4557B623-207E-4064-8B21-038A1EB7E54E}.Release|Any CPU.ActiveCfg = Release|Any CPU
		{4557B623-207E-4064-8B21-038A1EB7E54E}.Release|Any CPU.Build.0 = Release|Any CPU
	EndGlobalSection
	GlobalSection(SolutionProperties) = preSolution
		HideSolutionNode = FALSE
	EndGlobalSection
	GlobalSection(ExtensibilityGlobals) = postSolution
		SolutionGuid = {D8C1C8B3-BE4A-4751-94CE-170F13333C1C}
	EndGlobalSection
EndGlobal
