
Microsoft Visual Studio Solution File, Format Version 12.00
# Visual Studio Version 16
VisualStudioVersion = 16.0.31624.102
MinimumVisualStudioVersion = 10.0.40219.1
Project("{FAE04EC0-301F-11D3-BF4B-00C04F79EFBC}") = "Albahari", "Albahari\Albahari.csproj", "{ACF188E6-9001-44DB-B8C8-8EAE5287307F}"
EndProject
Global
	GlobalSection(SolutionConfigurationPlatforms) = preSolution
		Debug|Any CPU = Debug|Any CPU
		Release|Any CPU = Release|Any CPU
	EndGlobalSection
	GlobalSection(ProjectConfigurationPlatforms) = postSolution
		{ACF188E6-9001-44DB-B8C8-8EAE5287307F}.Debug|Any CPU.ActiveCfg = Debug|Any CPU
		{ACF188E6-9001-44DB-B8C8-8EAE5287307F}.Debug|Any CPU.Build.0 = Debug|Any CPU
		{ACF188E6-9001-44DB-B8C8-8EAE5287307F}.Release|Any CPU.ActiveCfg = Release|Any CPU
		{ACF188E6-9001-44DB-B8C8-8EAE5287307F}.Release|Any CPU.Build.0 = Release|Any CPU
	EndGlobalSection
	GlobalSection(SolutionProperties) = preSolution
		HideSolutionNode = FALSE
	EndGlobalSection
	GlobalSection(ExtensibilityGlobals) = postSolution
		SolutionGuid = {AE70E035-3B7C-4063-A188-9B099D2DD671}
	EndGlobalSection
EndGlobal
