
Microsoft Visual Studio Solution File, Format Version 12.00
# Visual Studio 15
VisualStudioVersion = 15.0.28307.421
MinimumVisualStudioVersion = 10.0.40219.1
Project("{FAE04EC0-301F-11D3-BF4B-00C04F79EFBC}") = "Android_03_TrackMyWalks.Android", "Android_03_TrackMyWalks\Android_03_TrackMyWalks.Android\Android_03_TrackMyWalks.Android.csproj", "{4F58EB80-87BF-49E4-8589-5F526D91B294}"
EndProject
Project("{FAE04EC0-301F-11D3-BF4B-00C04F79EFBC}") = "Android_03_TrackMyWalks", "Android_03_TrackMyWalks\Android_03_TrackMyWalks\Android_03_TrackMyWalks.csproj", "{E90D0FC4-D755-4214-9DBD-D3867569FE71}"
EndProject
Global
	GlobalSection(SolutionConfigurationPlatforms) = preSolution
		Debug|Any CPU = Debug|Any CPU
		Release|Any CPU = Release|Any CPU
	EndGlobalSection
	GlobalSection(ProjectConfigurationPlatforms) = postSolution
		{4F58EB80-87BF-49E4-8589-5F526D91B294}.Debug|Any CPU.ActiveCfg = Debug|Any CPU
		{4F58EB80-87BF-49E4-8589-5F526D91B294}.Debug|Any CPU.Build.0 = Debug|Any CPU
		{4F58EB80-87BF-49E4-8589-5F526D91B294}.Debug|Any CPU.Deploy.0 = Debug|Any CPU
		{4F58EB80-87BF-49E4-8589-5F526D91B294}.Release|Any CPU.ActiveCfg = Release|Any CPU
		{4F58EB80-87BF-49E4-8589-5F526D91B294}.Release|Any CPU.Build.0 = Release|Any CPU
		{4F58EB80-87BF-49E4-8589-5F526D91B294}.Release|Any CPU.Deploy.0 = Release|Any CPU
		{E90D0FC4-D755-4214-9DBD-D3867569FE71}.Debug|Any CPU.ActiveCfg = Debug|Any CPU
		{E90D0FC4-D755-4214-9DBD-D3867569FE71}.Debug|Any CPU.Build.0 = Debug|Any CPU
		{E90D0FC4-D755-4214-9DBD-D3867569FE71}.Release|Any CPU.ActiveCfg = Release|Any CPU
		{E90D0FC4-D755-4214-9DBD-D3867569FE71}.Release|Any CPU.Build.0 = Release|Any CPU
	EndGlobalSection
	GlobalSection(SolutionProperties) = preSolution
		HideSolutionNode = FALSE
	EndGlobalSection
	GlobalSection(ExtensibilityGlobals) = postSolution
		SolutionGuid = {4D629F18-E14F-415F-BBCF-7FF259796115}
	EndGlobalSection
EndGlobal
