
Microsoft Visual Studio Solution File, Format Version 12.00
# Visual Studio Version 16
VisualStudioVersion = 16.0.31005.135
MinimumVisualStudioVersion = 10.0.40219.1
Project("{FAE04EC0-301F-11D3-BF4B-00C04F79EFBC}") = "Extractor", "Extractor\Extractor.csproj", "{04758F90-5855-4B95-BC83-58DA7D41946C}"
EndProject
Global
	GlobalSection(SolutionConfigurationPlatforms) = preSolution
		Debug|Any CPU = Debug|Any CPU
		Release|Any CPU = Release|Any CPU
	EndGlobalSection
	GlobalSection(ProjectConfigurationPlatforms) = postSolution
		{04758F90-5855-4B95-BC83-58DA7D41946C}.Debug|Any CPU.ActiveCfg = Debug|Any CPU
		{04758F90-5855-4B95-BC83-58DA7D41946C}.Debug|Any CPU.Build.0 = Debug|Any CPU
		{04758F90-5855-4B95-BC83-58DA7D41946C}.Release|Any CPU.ActiveCfg = Release|Any CPU
		{04758F90-5855-4B95-BC83-58DA7D41946C}.Release|Any CPU.Build.0 = Release|Any CPU
	EndGlobalSection
	GlobalSection(SolutionProperties) = preSolution
		HideSolutionNode = FALSE
	EndGlobalSection
	GlobalSection(ExtensibilityGlobals) = postSolution
		SolutionGuid = {A4ED2803-A3A0-4724-A9AF-6C8FD76576BC}
	EndGlobalSection
EndGlobal
