
Microsoft Visual Studio Solution File, Format Version 12.00
# Visual Studio 15
VisualStudioVersion = 15.0.28307.421
MinimumVisualStudioVersion = 10.0.40219.1
Project("{FAE04EC0-301F-11D3-BF4B-00C04F79EFBC}") = "XamNUnit.Android", "XamNUnit\XamNUnit.Android\XamNUnit.Android.csproj", "{ABFC5248-4765-496B-8942-11F81437F0B4}"
EndProject
Project("{FAE04EC0-301F-11D3-BF4B-00C04F79EFBC}") = "XamNUnit", "XamNUnit\XamNUnit\XamNUnit.csproj", "{6974BD6D-1E63-4F07-A3AC-5DB92F83A076}"
EndProject
Project("{FAE04EC0-301F-11D3-BF4B-00C04F79EFBC}") = "UnitTestCore", "UnitTestCore\UnitTestCore.csproj", "{6C4CB6AE-E642-4B07-80AF-E3A1656D4BDF}"
EndProject
Project("{FAE04EC0-301F-11D3-BF4B-00C04F79EFBC}") = "XamNUnitTests", "XamNUnitTests\XamNUnitTests.csproj", "{7F16E135-695B-49F0-9A40-76410CA5E496}"
EndProject
Global
	GlobalSection(SolutionConfigurationPlatforms) = preSolution
		Debug|Any CPU = Debug|Any CPU
		Release|Any CPU = Release|Any CPU
	EndGlobalSection
	GlobalSection(ProjectConfigurationPlatforms) = postSolution
		{ABFC5248-4765-496B-8942-11F81437F0B4}.Debug|Any CPU.ActiveCfg = Debug|Any CPU
		{ABFC5248-4765-496B-8942-11F81437F0B4}.Debug|Any CPU.Build.0 = Debug|Any CPU
		{ABFC5248-4765-496B-8942-11F81437F0B4}.Debug|Any CPU.Deploy.0 = Debug|Any CPU
		{ABFC5248-4765-496B-8942-11F81437F0B4}.Release|Any CPU.ActiveCfg = Release|Any CPU
		{ABFC5248-4765-496B-8942-11F81437F0B4}.Release|Any CPU.Build.0 = Release|Any CPU
		{ABFC5248-4765-496B-8942-11F81437F0B4}.Release|Any CPU.Deploy.0 = Release|Any CPU
		{6974BD6D-1E63-4F07-A3AC-5DB92F83A076}.Debug|Any CPU.ActiveCfg = Debug|Any CPU
		{6974BD6D-1E63-4F07-A3AC-5DB92F83A076}.Debug|Any CPU.Build.0 = Debug|Any CPU
		{6974BD6D-1E63-4F07-A3AC-5DB92F83A076}.Release|Any CPU.ActiveCfg = Release|Any CPU
		{6974BD6D-1E63-4F07-A3AC-5DB92F83A076}.Release|Any CPU.Build.0 = Release|Any CPU
		{6C4CB6AE-E642-4B07-80AF-E3A1656D4BDF}.Debug|Any CPU.ActiveCfg = Debug|Any CPU
		{6C4CB6AE-E642-4B07-80AF-E3A1656D4BDF}.Debug|Any CPU.Build.0 = Debug|Any CPU
		{6C4CB6AE-E642-4B07-80AF-E3A1656D4BDF}.Release|Any CPU.ActiveCfg = Release|Any CPU
		{6C4CB6AE-E642-4B07-80AF-E3A1656D4BDF}.Release|Any CPU.Build.0 = Release|Any CPU
		{7F16E135-695B-49F0-9A40-76410CA5E496}.Debug|Any CPU.ActiveCfg = Debug|Any CPU
		{7F16E135-695B-49F0-9A40-76410CA5E496}.Debug|Any CPU.Build.0 = Debug|Any CPU
		{7F16E135-695B-49F0-9A40-76410CA5E496}.Release|Any CPU.ActiveCfg = Release|Any CPU
		{7F16E135-695B-49F0-9A40-76410CA5E496}.Release|Any CPU.Build.0 = Release|Any CPU
	EndGlobalSection
	GlobalSection(SolutionProperties) = preSolution
		HideSolutionNode = FALSE
	EndGlobalSection
	GlobalSection(ExtensibilityGlobals) = postSolution
		SolutionGuid = {D55C20A1-8915-44E6-9713-387F123EDDE5}
	EndGlobalSection
EndGlobal
