
Microsoft Visual Studio Solution File, Format Version 12.00
# Visual Studio 15
VisualStudioVersion = 15.0.28307.102
MinimumVisualStudioVersion = 10.0.40219.1
Project("{FAE04EC0-301F-11D3-BF4B-00C04F79EFBC}") = "LogAn", "LogAn\LogAn.csproj", "{B27E6D30-E9FB-4B77-B8ED-01F64736DC82}"
EndProject
Project("{FAE04EC0-301F-11D3-BF4B-00C04F79EFBC}") = "LogAn.UnitTests", "LogAn.UnitTests\LogAn.UnitTests.csproj", "{9AF90824-6699-45C5-A4DE-F5AF2FD4332D}"
EndProject
Global
	GlobalSection(SolutionConfigurationPlatforms) = preSolution
		Debug|Any CPU = Debug|Any CPU
		Release|Any CPU = Release|Any CPU
	EndGlobalSection
	GlobalSection(ProjectConfigurationPlatforms) = postSolution
		{B27E6D30-E9FB-4B77-B8ED-01F64736DC82}.Debug|Any CPU.ActiveCfg = Debug|Any CPU
		{B27E6D30-E9FB-4B77-B8ED-01F64736DC82}.Debug|Any CPU.Build.0 = Debug|Any CPU
		{B27E6D30-E9FB-4B77-B8ED-01F64736DC82}.Release|Any CPU.ActiveCfg = Release|Any CPU
		{B27E6D30-E9FB-4B77-B8ED-01F64736DC82}.Release|Any CPU.Build.0 = Release|Any CPU
		{9AF90824-6699-45C5-A4DE-F5AF2FD4332D}.Debug|Any CPU.ActiveCfg = Debug|Any CPU
		{9AF90824-6699-45C5-A4DE-F5AF2FD4332D}.Debug|Any CPU.Build.0 = Debug|Any CPU
		{9AF90824-6699-45C5-A4DE-F5AF2FD4332D}.Release|Any CPU.ActiveCfg = Release|Any CPU
		{9AF90824-6699-45C5-A4DE-F5AF2FD4332D}.Release|Any CPU.Build.0 = Release|Any CPU
	EndGlobalSection
	GlobalSection(SolutionProperties) = preSolution
		HideSolutionNode = FALSE
	EndGlobalSection
	GlobalSection(ExtensibilityGlobals) = postSolution
		SolutionGuid = {2812BC94-FD67-446F-916B-6EA96FD8CBDA}
	EndGlobalSection
EndGlobal
