
Microsoft Visual Studio Solution File, Format Version 12.00
# Visual Studio 15
VisualStudioVersion = 15.0.28307.168
MinimumVisualStudioVersion = 10.0.40219.1
Project("{FAE04EC0-301F-11D3-BF4B-00C04F79EFBC}") = "Presenter", "Unit Test 13 - PresenterMock\Presenter.csproj", "{6C1CE7BF-93B3-4BAF-BFF8-B896CFC32DA1}"
EndProject
Project("{FAE04EC0-301F-11D3-BF4B-00C04F79EFBC}") = "Presenter.UnitTests", "Presenter.UnitTests\Presenter.UnitTests.csproj", "{D06D70C9-FBB8-414A-AEE9-6DB7B1F35299}"
EndProject
Global
	GlobalSection(SolutionConfigurationPlatforms) = preSolution
		Debug|Any CPU = Debug|Any CPU
		Release|Any CPU = Release|Any CPU
	EndGlobalSection
	GlobalSection(ProjectConfigurationPlatforms) = postSolution
		{6C1CE7BF-93B3-4BAF-BFF8-B896CFC32DA1}.Debug|Any CPU.ActiveCfg = Debug|Any CPU
		{6C1CE7BF-93B3-4BAF-BFF8-B896CFC32DA1}.Debug|Any CPU.Build.0 = Debug|Any CPU
		{6C1CE7BF-93B3-4BAF-BFF8-B896CFC32DA1}.Release|Any CPU.ActiveCfg = Release|Any CPU
		{6C1CE7BF-93B3-4BAF-BFF8-B896CFC32DA1}.Release|Any CPU.Build.0 = Release|Any CPU
		{D06D70C9-FBB8-414A-AEE9-6DB7B1F35299}.Debug|Any CPU.ActiveCfg = Debug|Any CPU
		{D06D70C9-FBB8-414A-AEE9-6DB7B1F35299}.Debug|Any CPU.Build.0 = Debug|Any CPU
		{D06D70C9-FBB8-414A-AEE9-6DB7B1F35299}.Release|Any CPU.ActiveCfg = Release|Any CPU
		{D06D70C9-FBB8-414A-AEE9-6DB7B1F35299}.Release|Any CPU.Build.0 = Release|Any CPU
	EndGlobalSection
	GlobalSection(SolutionProperties) = preSolution
		HideSolutionNode = FALSE
	EndGlobalSection
	GlobalSection(ExtensibilityGlobals) = postSolution
		SolutionGuid = {EE04CD7D-9D73-4289-91E8-7A69D16EB16E}
	EndGlobalSection
EndGlobal
