
Microsoft Visual Studio Solution File, Format Version 12.00
# Visual Studio 15
VisualStudioVersion = 15.0.28307.168
MinimumVisualStudioVersion = 10.0.40219.1
Project("{FAE04EC0-301F-11D3-BF4B-00C04F79EFBC}") = "37 HTTP", "37 HTTP\37 HTTP.csproj", "{D4B6C2E0-0F22-4564-B7E1-04BE4F796D7A}"
EndProject
Global
	GlobalSection(SolutionConfigurationPlatforms) = preSolution
		Debug|Any CPU = Debug|Any CPU
		Release|Any CPU = Release|Any CPU
	EndGlobalSection
	GlobalSection(ProjectConfigurationPlatforms) = postSolution
		{D4B6C2E0-0F22-4564-B7E1-04BE4F796D7A}.Debug|Any CPU.ActiveCfg = Debug|Any CPU
		{D4B6C2E0-0F22-4564-B7E1-04BE4F796D7A}.Debug|Any CPU.Build.0 = Debug|Any CPU
		{D4B6C2E0-0F22-4564-B7E1-04BE4F796D7A}.Release|Any CPU.ActiveCfg = Release|Any CPU
		{D4B6C2E0-0F22-4564-B7E1-04BE4F796D7A}.Release|Any CPU.Build.0 = Release|Any CPU
	EndGlobalSection
	GlobalSection(SolutionProperties) = preSolution
		HideSolutionNode = FALSE
	EndGlobalSection
	GlobalSection(ExtensibilityGlobals) = postSolution
		SolutionGuid = {56437346-303B-4547-B282-D8BF9AAE86E9}
	EndGlobalSection
EndGlobal
