{
  "name": "asp.net",
  "version": "1.0.0",
  "lockfileVersion": 1,
  "requires": true,
  "dependencies": {
    "select-pure": {
      "version": "0.3.0",
      "resolved": "https://registry.npmjs.org/select-pure/-/select-pure-0.3.0.tgz",
      "integrity": "sha512-gGMKqDB2oj42c3bhogCHlRcXxbPTZsDvea2NwFHFiZa08hO6eIcL9ODl3sEWOHKLRlXtRY+MfvYM9b5wszPfxg=="
    }
  }
}
