
Microsoft Visual Studio Solution File, Format Version 12.00
# Visual Studio 15
VisualStudioVersion = 15.0.28307.645
MinimumVisualStudioVersion = 10.0.40219.1
Project("{FAE04EC0-301F-11D3-BF4B-00C04F79EFBC}") = "MVVM_DialogService", "MVVM_DialogService\MVVM_DialogService.csproj", "{D0C69D5A-CC4D-4543-A2ED-0470F477901C}"
EndProject
Global
	GlobalSection(SolutionConfigurationPlatforms) = preSolution
		Debug|Any CPU = Debug|Any CPU
		Release|Any CPU = Release|Any CPU
	EndGlobalSection
	GlobalSection(ProjectConfigurationPlatforms) = postSolution
		{D0C69D5A-CC4D-4543-A2ED-0470F477901C}.Debug|Any CPU.ActiveCfg = Debug|Any CPU
		{D0C69D5A-CC4D-4543-A2ED-0470F477901C}.Debug|Any CPU.Build.0 = Debug|Any CPU
		{D0C69D5A-CC4D-4543-A2ED-0470F477901C}.Release|Any CPU.ActiveCfg = Release|Any CPU
		{D0C69D5A-CC4D-4543-A2ED-0470F477901C}.Release|Any CPU.Build.0 = Release|Any CPU
	EndGlobalSection
	GlobalSection(SolutionProperties) = preSolution
		HideSolutionNode = FALSE
	EndGlobalSection
	GlobalSection(ExtensibilityGlobals) = postSolution
		SolutionGuid = {7F5FDE64-4E48-481F-ACBE-B35D4D9A903C}
	EndGlobalSection
EndGlobal
