
Microsoft Visual Studio Solution File, Format Version 12.00
# Visual Studio 15
VisualStudioVersion = 15.0.28307.168
MinimumVisualStudioVersion = 10.0.40219.1
Project("{FAE04EC0-301F-11D3-BF4B-00C04F79EFBC}") = "39 Bezpieczenstwo danych", "39 Bezpieczenstwo danych\39 Bezpieczenstwo danych.csproj", "{9B562815-2427-4410-A202-9F8119823B97}"
EndProject
Global
	GlobalSection(SolutionConfigurationPlatforms) = preSolution
		Debug|Any CPU = Debug|Any CPU
		Release|Any CPU = Release|Any CPU
	EndGlobalSection
	GlobalSection(ProjectConfigurationPlatforms) = postSolution
		{9B562815-2427-4410-A202-9F8119823B97}.Debug|Any CPU.ActiveCfg = Debug|Any CPU
		{9B562815-2427-4410-A202-9F8119823B97}.Debug|Any CPU.Build.0 = Debug|Any CPU
		{9B562815-2427-4410-A202-9F8119823B97}.Release|Any CPU.ActiveCfg = Release|Any CPU
		{9B562815-2427-4410-A202-9F8119823B97}.Release|Any CPU.Build.0 = Release|Any CPU
	EndGlobalSection
	GlobalSection(SolutionProperties) = preSolution
		HideSolutionNode = FALSE
	EndGlobalSection
	GlobalSection(ExtensibilityGlobals) = postSolution
		SolutionGuid = {049C8472-4263-4CB3-A64A-D56A455153DF}
	EndGlobalSection
EndGlobal
