
Microsoft Visual Studio Solution File, Format Version 12.00
# Visual Studio 15
VisualStudioVersion = 15.0.28307.102
MinimumVisualStudioVersion = 10.0.40219.1
Project("{9A19103F-16F7-4668-BE54-9A1E7A4F7556}") = "API_Controller_01_ksiazka", "API Controller 01 ksiazka\API_Controller_01_ksiazka.csproj", "{393B6378-8922-49DA-A41E-1E68190860EF}"
EndProject
Global
	GlobalSection(SolutionConfigurationPlatforms) = preSolution
		Debug|Any CPU = Debug|Any CPU
		Release|Any CPU = Release|Any CPU
	EndGlobalSection
	GlobalSection(ProjectConfigurationPlatforms) = postSolution
		{393B6378-8922-49DA-A41E-1E68190860EF}.Debug|Any CPU.ActiveCfg = Debug|Any CPU
		{393B6378-8922-49DA-A41E-1E68190860EF}.Debug|Any CPU.Build.0 = Debug|Any CPU
		{393B6378-8922-49DA-A41E-1E68190860EF}.Release|Any CPU.ActiveCfg = Release|Any CPU
		{393B6378-8922-49DA-A41E-1E68190860EF}.Release|Any CPU.Build.0 = Release|Any CPU
	EndGlobalSection
	GlobalSection(SolutionProperties) = preSolution
		HideSolutionNode = FALSE
	EndGlobalSection
	GlobalSection(ExtensibilityGlobals) = postSolution
		SolutionGuid = {9B44EA7E-7D9D-4407-91E8-85772F700E2D}
	EndGlobalSection
EndGlobal
