
Microsoft Visual Studio Solution File, Format Version 12.00
# Visual Studio 15
VisualStudioVersion = 15.0.28307.1000
MinimumVisualStudioVersion = 10.0.40219.1
Project("{9A19103F-16F7-4668-BE54-9A1E7A4F7556}") = "03_DI_Example_WebService", "03_DI_Example_WebService\03_DI_Example_WebService.csproj", "{7BEB685E-6188-4DC2-A27B-83ACBCBA6CC8}"
EndProject
Project("{9A19103F-16F7-4668-BE54-9A1E7A4F7556}") = "Commerce.Domain", "Commerce.Domain\Commerce.Domain.csproj", "{6E226256-29A3-4B54-8C79-6C2F1FF836AB}"
EndProject
Project("{FAE04EC0-301F-11D3-BF4B-00C04F79EFBC}") = "Commerce.SqlDataAccess", "Commerce.SqlDataAccess\Commerce.SqlDataAccess.csproj", "{35206396-F5C7-46E4-808C-B99AA2A203B1}"
EndProject
Global
	GlobalSection(SolutionConfigurationPlatforms) = preSolution
		Debug|Any CPU = Debug|Any CPU
		Release|Any CPU = Release|Any CPU
	EndGlobalSection
	GlobalSection(ProjectConfigurationPlatforms) = postSolution
		{7BEB685E-6188-4DC2-A27B-83ACBCBA6CC8}.Debug|Any CPU.ActiveCfg = Debug|Any CPU
		{7BEB685E-6188-4DC2-A27B-83ACBCBA6CC8}.Debug|Any CPU.Build.0 = Debug|Any CPU
		{7BEB685E-6188-4DC2-A27B-83ACBCBA6CC8}.Release|Any CPU.ActiveCfg = Release|Any CPU
		{7BEB685E-6188-4DC2-A27B-83ACBCBA6CC8}.Release|Any CPU.Build.0 = Release|Any CPU
		{6E226256-29A3-4B54-8C79-6C2F1FF836AB}.Debug|Any CPU.ActiveCfg = Debug|Any CPU
		{6E226256-29A3-4B54-8C79-6C2F1FF836AB}.Debug|Any CPU.Build.0 = Debug|Any CPU
		{6E226256-29A3-4B54-8C79-6C2F1FF836AB}.Release|Any CPU.ActiveCfg = Release|Any CPU
		{6E226256-29A3-4B54-8C79-6C2F1FF836AB}.Release|Any CPU.Build.0 = Release|Any CPU
		{35206396-F5C7-46E4-808C-B99AA2A203B1}.Debug|Any CPU.ActiveCfg = Debug|Any CPU
		{35206396-F5C7-46E4-808C-B99AA2A203B1}.Debug|Any CPU.Build.0 = Debug|Any CPU
		{35206396-F5C7-46E4-808C-B99AA2A203B1}.Release|Any CPU.ActiveCfg = Release|Any CPU
		{35206396-F5C7-46E4-808C-B99AA2A203B1}.Release|Any CPU.Build.0 = Release|Any CPU
	EndGlobalSection
	GlobalSection(SolutionProperties) = preSolution
		HideSolutionNode = FALSE
	EndGlobalSection
	GlobalSection(ExtensibilityGlobals) = postSolution
		SolutionGuid = {536E950F-58F5-4B21-A98D-0C2631648261}
	EndGlobalSection
EndGlobal
