
Microsoft Visual Studio Solution File, Format Version 12.00
# Visual Studio 15
VisualStudioVersion = 15.0.28307.168
MinimumVisualStudioVersion = 10.0.40219.1
Project("{FAE04EC0-301F-11D3-BF4B-00C04F79EFBC}") = "38 Serializacja", "38 Serializacja\38 Serializacja.csproj", "{D299F8C6-914B-43E8-9CED-21F7EF24C543}"
EndProject
Global
	GlobalSection(SolutionConfigurationPlatforms) = preSolution
		Debug|Any CPU = Debug|Any CPU
		Release|Any CPU = Release|Any CPU
	EndGlobalSection
	GlobalSection(ProjectConfigurationPlatforms) = postSolution
		{D299F8C6-914B-43E8-9CED-21F7EF24C543}.Debug|Any CPU.ActiveCfg = Debug|Any CPU
		{D299F8C6-914B-43E8-9CED-21F7EF24C543}.Debug|Any CPU.Build.0 = Debug|Any CPU
		{D299F8C6-914B-43E8-9CED-21F7EF24C543}.Release|Any CPU.ActiveCfg = Release|Any CPU
		{D299F8C6-914B-43E8-9CED-21F7EF24C543}.Release|Any CPU.Build.0 = Release|Any CPU
	EndGlobalSection
	GlobalSection(SolutionProperties) = preSolution
		HideSolutionNode = FALSE
	EndGlobalSection
	GlobalSection(ExtensibilityGlobals) = postSolution
		SolutionGuid = {B039FA47-FB11-490E-81C4-5535E5C5F078}
	EndGlobalSection
EndGlobal
