
Microsoft Visual Studio Solution File, Format Version 12.00
# Visual Studio Version 16
VisualStudioVersion = 16.0.31112.23
MinimumVisualStudioVersion = 10.0.40219.1
Project("{FAE04EC0-301F-11D3-BF4B-00C04F79EFBC}") = "MS_Tutorial", "MS_Tutorial\MS_Tutorial.csproj", "{5F5A68BE-AE1C-48A1-A3E0-321FF4528CB7}"
EndProject
Global
	GlobalSection(SolutionConfigurationPlatforms) = preSolution
		Debug|Any CPU = Debug|Any CPU
		Release|Any CPU = Release|Any CPU
	EndGlobalSection
	GlobalSection(ProjectConfigurationPlatforms) = postSolution
		{5F5A68BE-AE1C-48A1-A3E0-321FF4528CB7}.Debug|Any CPU.ActiveCfg = Debug|Any CPU
		{5F5A68BE-AE1C-48A1-A3E0-321FF4528CB7}.Debug|Any CPU.Build.0 = Debug|Any CPU
		{5F5A68BE-AE1C-48A1-A3E0-321FF4528CB7}.Release|Any CPU.ActiveCfg = Release|Any CPU
		{5F5A68BE-AE1C-48A1-A3E0-321FF4528CB7}.Release|Any CPU.Build.0 = Release|Any CPU
	EndGlobalSection
	GlobalSection(SolutionProperties) = preSolution
		HideSolutionNode = FALSE
	EndGlobalSection
	GlobalSection(ExtensibilityGlobals) = postSolution
		SolutionGuid = {88C3D795-4417-4F35-9EDC-60DEEE9CDFB1}
	EndGlobalSection
EndGlobal
