
Microsoft Visual Studio Solution File, Format Version 12.00
# Visual Studio 15
VisualStudioVersion = 15.0.28307.102
MinimumVisualStudioVersion = 10.0.40219.1
Project("{FAE04EC0-301F-11D3-BF4B-00C04F79EFBC}") = "API_Controller_04_API", "API Controller 04 API\API_Controller_04_API.csproj", "{1572590B-6424-41B4-8A17-3BA915CC9963}"
EndProject
Global
	GlobalSection(SolutionConfigurationPlatforms) = preSolution
		Debug|Any CPU = Debug|Any CPU
		Release|Any CPU = Release|Any CPU
	EndGlobalSection
	GlobalSection(ProjectConfigurationPlatforms) = postSolution
		{1572590B-6424-41B4-8A17-3BA915CC9963}.Debug|Any CPU.ActiveCfg = Debug|Any CPU
		{1572590B-6424-41B4-8A17-3BA915CC9963}.Debug|Any CPU.Build.0 = Debug|Any CPU
		{1572590B-6424-41B4-8A17-3BA915CC9963}.Release|Any CPU.ActiveCfg = Release|Any CPU
		{1572590B-6424-41B4-8A17-3BA915CC9963}.Release|Any CPU.Build.0 = Release|Any CPU
	EndGlobalSection
	GlobalSection(SolutionProperties) = preSolution
		HideSolutionNode = FALSE
	EndGlobalSection
	GlobalSection(ExtensibilityGlobals) = postSolution
		SolutionGuid = {818D0C89-80DF-45C3-AE4B-E098FA48F968}
	EndGlobalSection
EndGlobal
