
Microsoft Visual Studio Solution File, Format Version 12.00
# Visual Studio 15
VisualStudioVersion = 15.0.28307.168
MinimumVisualStudioVersion = 10.0.40219.1
Project("{FAE04EC0-301F-11D3-BF4B-00C04F79EFBC}") = "Delegates 03 Event", "Delegates 03 Event\Delegates 03 Event.csproj", "{BF00A50C-9791-4A42-BF32-ED61974E9190}"
EndProject
Global
	GlobalSection(SolutionConfigurationPlatforms) = preSolution
		Debug|Any CPU = Debug|Any CPU
		Release|Any CPU = Release|Any CPU
	EndGlobalSection
	GlobalSection(ProjectConfigurationPlatforms) = postSolution
		{BF00A50C-9791-4A42-BF32-ED61974E9190}.Debug|Any CPU.ActiveCfg = Debug|Any CPU
		{BF00A50C-9791-4A42-BF32-ED61974E9190}.Debug|Any CPU.Build.0 = Debug|Any CPU
		{BF00A50C-9791-4A42-BF32-ED61974E9190}.Release|Any CPU.ActiveCfg = Release|Any CPU
		{BF00A50C-9791-4A42-BF32-ED61974E9190}.Release|Any CPU.Build.0 = Release|Any CPU
	EndGlobalSection
	GlobalSection(SolutionProperties) = preSolution
		HideSolutionNode = FALSE
	EndGlobalSection
	GlobalSection(ExtensibilityGlobals) = postSolution
		SolutionGuid = {14A0DC30-8A3F-4B1E-9B30-64AADBE48205}
	EndGlobalSection
EndGlobal
