
Microsoft Visual Studio Solution File, Format Version 12.00
# Visual Studio 15
VisualStudioVersion = 15.0.28307.539
MinimumVisualStudioVersion = 10.0.40219.1
Project("{FAE04EC0-301F-11D3-BF4B-00C04F79EFBC}") = "TaskCancellation", "TaskCancellation\TaskCancellation.csproj", "{293D1BB8-5F86-43E2-B409-0F04E38CEBA9}"
EndProject
Global
	GlobalSection(SolutionConfigurationPlatforms) = preSolution
		Debug|Any CPU = Debug|Any CPU
		Release|Any CPU = Release|Any CPU
	EndGlobalSection
	GlobalSection(ProjectConfigurationPlatforms) = postSolution
		{293D1BB8-5F86-43E2-B409-0F04E38CEBA9}.Debug|Any CPU.ActiveCfg = Debug|Any CPU
		{293D1BB8-5F86-43E2-B409-0F04E38CEBA9}.Debug|Any CPU.Build.0 = Debug|Any CPU
		{293D1BB8-5F86-43E2-B409-0F04E38CEBA9}.Release|Any CPU.ActiveCfg = Release|Any CPU
		{293D1BB8-5F86-43E2-B409-0F04E38CEBA9}.Release|Any CPU.Build.0 = Release|Any CPU
	EndGlobalSection
	GlobalSection(SolutionProperties) = preSolution
		HideSolutionNode = FALSE
	EndGlobalSection
	GlobalSection(ExtensibilityGlobals) = postSolution
		SolutionGuid = {1B09257E-AC3C-4C3F-A2F5-DFF10460AC3F}
	EndGlobalSection
EndGlobal
