
Microsoft Visual Studio Solution File, Format Version 12.00
# Visual Studio 14
VisualStudioVersion = 14.0.25420.1
MinimumVisualStudioVersion = 10.0.40219.1
Project("{FAE04EC0-301F-11D3-BF4B-00C04F79EFBC}") = "TutorialsPoint 01a System.Collections", "TutorialsPoint 01a System.Collections\TutorialsPoint 01a System.Collections.csproj", "{961D861E-2CD7-4CC6-9B83-35314E576671}"
EndProject
Global
	GlobalSection(SolutionConfigurationPlatforms) = preSolution
		Debug|Any CPU = Debug|Any CPU
		Release|Any CPU = Release|Any CPU
	EndGlobalSection
	GlobalSection(ProjectConfigurationPlatforms) = postSolution
		{961D861E-2CD7-4CC6-9B83-35314E576671}.Debug|Any CPU.ActiveCfg = Debug|Any CPU
		{961D861E-2CD7-4CC6-9B83-35314E576671}.Debug|Any CPU.Build.0 = Debug|Any CPU
		{961D861E-2CD7-4CC6-9B83-35314E576671}.Release|Any CPU.ActiveCfg = Release|Any CPU
		{961D861E-2CD7-4CC6-9B83-35314E576671}.Release|Any CPU.Build.0 = Release|Any CPU
	EndGlobalSection
	GlobalSection(SolutionProperties) = preSolution
		HideSolutionNode = FALSE
	EndGlobalSection
EndGlobal
