
Microsoft Visual Studio Solution File, Format Version 12.00
# Visual Studio 15
VisualStudioVersion = 15.0.28307.421
MinimumVisualStudioVersion = 10.0.40219.1
Project("{FAE04EC0-301F-11D3-BF4B-00C04F79EFBC}") = "CSVdeserializer", "CSVdeserializer\CSVdeserializer.csproj", "{516DEDFA-B916-4EA9-9FD6-E3B2A7BF8E11}"
EndProject
Global
	GlobalSection(SolutionConfigurationPlatforms) = preSolution
		Debug|Any CPU = Debug|Any CPU
		Release|Any CPU = Release|Any CPU
	EndGlobalSection
	GlobalSection(ProjectConfigurationPlatforms) = postSolution
		{516DEDFA-B916-4EA9-9FD6-E3B2A7BF8E11}.Debug|Any CPU.ActiveCfg = Debug|Any CPU
		{516DEDFA-B916-4EA9-9FD6-E3B2A7BF8E11}.Debug|Any CPU.Build.0 = Debug|Any CPU
		{516DEDFA-B916-4EA9-9FD6-E3B2A7BF8E11}.Release|Any CPU.ActiveCfg = Release|Any CPU
		{516DEDFA-B916-4EA9-9FD6-E3B2A7BF8E11}.Release|Any CPU.Build.0 = Release|Any CPU
	EndGlobalSection
	GlobalSection(SolutionProperties) = preSolution
		HideSolutionNode = FALSE
	EndGlobalSection
	GlobalSection(ExtensibilityGlobals) = postSolution
		SolutionGuid = {0AF3FB4F-330B-4952-ADC6-112FC3B8F52A}
	EndGlobalSection
EndGlobal
