
Microsoft Visual Studio Solution File, Format Version 12.00
# Visual Studio Version 17
VisualStudioVersion = 17.2.32616.157
MinimumVisualStudioVersion = 10.0.40219.1
Project("{FAE04EC0-301F-11D3-BF4B-00C04F79EFBC}") = "Sample", "Sample\Sample.csproj", "{F71C0D57-FBF7-4F5A-81CC-8E0A8486FA2F}"
EndProject
Global
	GlobalSection(SolutionConfigurationPlatforms) = preSolution
		Debug|Any CPU = Debug|Any CPU
		Release|Any CPU = Release|Any CPU
	EndGlobalSection
	GlobalSection(ProjectConfigurationPlatforms) = postSolution
		{F71C0D57-FBF7-4F5A-81CC-8E0A8486FA2F}.Debug|Any CPU.ActiveCfg = Debug|Any CPU
		{F71C0D57-FBF7-4F5A-81CC-8E0A8486FA2F}.Debug|Any CPU.Build.0 = Debug|Any CPU
		{F71C0D57-FBF7-4F5A-81CC-8E0A8486FA2F}.Release|Any CPU.ActiveCfg = Release|Any CPU
		{F71C0D57-FBF7-4F5A-81CC-8E0A8486FA2F}.Release|Any CPU.Build.0 = Release|Any CPU
	EndGlobalSection
	GlobalSection(SolutionProperties) = preSolution
		HideSolutionNode = FALSE
	EndGlobalSection
	GlobalSection(ExtensibilityGlobals) = postSolution
		SolutionGuid = {FD29F492-6DAD-47DA-ADB4-8E8672DF71D8}
	EndGlobalSection
EndGlobal
