
Microsoft Visual Studio Solution File, Format Version 12.00
# Visual Studio 15
VisualStudioVersion = 15.0.28307.852
MinimumVisualStudioVersion = 10.0.40219.1
Project("{FAE04EC0-301F-11D3-BF4B-00C04F79EFBC}") = "UnitTest_", "UnitTest_\UnitTest_.csproj", "{D72732A1-01D3-4382-AFCD-176748E873F4}"
EndProject
Project("{FAE04EC0-301F-11D3-BF4B-00C04F79EFBC}") = "UnitTest_Tests", "UnitTest_Tests\UnitTest_Tests.csproj", "{F5055B6B-7E9C-4B2F-91F0-3E6A8317728F}"
EndProject
Global
	GlobalSection(SolutionConfigurationPlatforms) = preSolution
		Debug|Any CPU = Debug|Any CPU
		Release|Any CPU = Release|Any CPU
	EndGlobalSection
	GlobalSection(ProjectConfigurationPlatforms) = postSolution
		{D72732A1-01D3-4382-AFCD-176748E873F4}.Debug|Any CPU.ActiveCfg = Debug|Any CPU
		{D72732A1-01D3-4382-AFCD-176748E873F4}.Debug|Any CPU.Build.0 = Debug|Any CPU
		{D72732A1-01D3-4382-AFCD-176748E873F4}.Release|Any CPU.ActiveCfg = Release|Any CPU
		{D72732A1-01D3-4382-AFCD-176748E873F4}.Release|Any CPU.Build.0 = Release|Any CPU
		{F5055B6B-7E9C-4B2F-91F0-3E6A8317728F}.Debug|Any CPU.ActiveCfg = Debug|Any CPU
		{F5055B6B-7E9C-4B2F-91F0-3E6A8317728F}.Debug|Any CPU.Build.0 = Debug|Any CPU
		{F5055B6B-7E9C-4B2F-91F0-3E6A8317728F}.Release|Any CPU.ActiveCfg = Release|Any CPU
		{F5055B6B-7E9C-4B2F-91F0-3E6A8317728F}.Release|Any CPU.Build.0 = Release|Any CPU
	EndGlobalSection
	GlobalSection(SolutionProperties) = preSolution
		HideSolutionNode = FALSE
	EndGlobalSection
	GlobalSection(ExtensibilityGlobals) = postSolution
		SolutionGuid = {8985EB90-695A-423F-8926-264890B1CBD1}
	EndGlobalSection
EndGlobal
