
Microsoft Visual Studio Solution File, Format Version 12.00
# Visual Studio Version 16
VisualStudioVersion = 16.0.31112.23
MinimumVisualStudioVersion = 10.0.40219.1
Project("{888888A0-9F3D-457C-B088-3A5042F75D52}") = "BookHandsOn", "BookHandsOn\BookHandsOn.pyproj", "{CF37FEA8-65C5-41BA-BFCE-55D87147BF7B}"
EndProject
Global
	GlobalSection(SolutionConfigurationPlatforms) = preSolution
		Debug|Any CPU = Debug|Any CPU
		Release|Any CPU = Release|Any CPU
	EndGlobalSection
	GlobalSection(ProjectConfigurationPlatforms) = postSolution
		{CF37FEA8-65C5-41BA-BFCE-55D87147BF7B}.Debug|Any CPU.ActiveCfg = Debug|Any CPU
		{CF37FEA8-65C5-41BA-BFCE-55D87147BF7B}.Release|Any CPU.ActiveCfg = Release|Any CPU
	EndGlobalSection
	GlobalSection(SolutionProperties) = preSolution
		HideSolutionNode = FALSE
	EndGlobalSection
	GlobalSection(ExtensibilityGlobals) = postSolution
		SolutionGuid = {0E7F21C3-70FD-47C6-9AC3-F4A05C9A6948}
	EndGlobalSection
EndGlobal
