
Microsoft Visual Studio Solution File, Format Version 12.00
# Visual Studio 15
VisualStudioVersion = 15.0.28307.421
MinimumVisualStudioVersion = 10.0.40219.1
Project("{FAE04EC0-301F-11D3-BF4B-00C04F79EFBC}") = "XamGroups.Android", "XamGroups\XamGroups.Android\XamGroups.Android.csproj", "{9999908C-3DB1-465B-9D12-21E6E63FFBBC}"
EndProject
Project("{FAE04EC0-301F-11D3-BF4B-00C04F79EFBC}") = "XamGroups", "XamGroups\XamGroups\XamGroups.csproj", "{D5DB58E7-C512-4D26-8EFC-D855994EBAFF}"
EndProject
Global
	GlobalSection(SolutionConfigurationPlatforms) = preSolution
		Debug|Any CPU = Debug|Any CPU
		Release|Any CPU = Release|Any CPU
	EndGlobalSection
	GlobalSection(ProjectConfigurationPlatforms) = postSolution
		{9999908C-3DB1-465B-9D12-21E6E63FFBBC}.Debug|Any CPU.ActiveCfg = Debug|Any CPU
		{9999908C-3DB1-465B-9D12-21E6E63FFBBC}.Debug|Any CPU.Build.0 = Debug|Any CPU
		{9999908C-3DB1-465B-9D12-21E6E63FFBBC}.Debug|Any CPU.Deploy.0 = Debug|Any CPU
		{9999908C-3DB1-465B-9D12-21E6E63FFBBC}.Release|Any CPU.ActiveCfg = Release|Any CPU
		{9999908C-3DB1-465B-9D12-21E6E63FFBBC}.Release|Any CPU.Build.0 = Release|Any CPU
		{9999908C-3DB1-465B-9D12-21E6E63FFBBC}.Release|Any CPU.Deploy.0 = Release|Any CPU
		{D5DB58E7-C512-4D26-8EFC-D855994EBAFF}.Debug|Any CPU.ActiveCfg = Debug|Any CPU
		{D5DB58E7-C512-4D26-8EFC-D855994EBAFF}.Debug|Any CPU.Build.0 = Debug|Any CPU
		{D5DB58E7-C512-4D26-8EFC-D855994EBAFF}.Release|Any CPU.ActiveCfg = Release|Any CPU
		{D5DB58E7-C512-4D26-8EFC-D855994EBAFF}.Release|Any CPU.Build.0 = Release|Any CPU
	EndGlobalSection
	GlobalSection(SolutionProperties) = preSolution
		HideSolutionNode = FALSE
	EndGlobalSection
	GlobalSection(ExtensibilityGlobals) = postSolution
		SolutionGuid = {8D857F05-FCBB-4C8B-8193-238EA194A908}
	EndGlobalSection
EndGlobal
