
Microsoft Visual Studio Solution File, Format Version 12.00
# Visual Studio 15
VisualStudioVersion = 15.0.28307.168
MinimumVisualStudioVersion = 10.0.40219.1
Project("{FAE04EC0-301F-11D3-BF4B-00C04F79EFBC}") = "EmailCrawler_01_Trial", "EmailCrawler_01_Trial\EmailCrawler_01_Trial.csproj", "{3ECCD4EF-54A3-4939-BCB5-2CA239D2118C}"
EndProject
Global
	GlobalSection(SolutionConfigurationPlatforms) = preSolution
		Debug|Any CPU = Debug|Any CPU
		Release|Any CPU = Release|Any CPU
	EndGlobalSection
	GlobalSection(ProjectConfigurationPlatforms) = postSolution
		{3ECCD4EF-54A3-4939-BCB5-2CA239D2118C}.Debug|Any CPU.ActiveCfg = Debug|Any CPU
		{3ECCD4EF-54A3-4939-BCB5-2CA239D2118C}.Debug|Any CPU.Build.0 = Debug|Any CPU
		{3ECCD4EF-54A3-4939-BCB5-2CA239D2118C}.Release|Any CPU.ActiveCfg = Release|Any CPU
		{3ECCD4EF-54A3-4939-BCB5-2CA239D2118C}.Release|Any CPU.Build.0 = Release|Any CPU
	EndGlobalSection
	GlobalSection(SolutionProperties) = preSolution
		HideSolutionNode = FALSE
	EndGlobalSection
	GlobalSection(ExtensibilityGlobals) = postSolution
		SolutionGuid = {9FF61892-6D84-4725-AF90-C9CB876FB2F8}
	EndGlobalSection
EndGlobal
