
Microsoft Visual Studio Solution File, Format Version 12.00
# Visual Studio 15
VisualStudioVersion = 15.0.28307.102
MinimumVisualStudioVersion = 10.0.40219.1
Project("{FAE04EC0-301F-11D3-BF4B-00C04F79EFBC}") = "02 Typy liczbowe", "02 Typy liczbowe\02 Typy liczbowe.csproj", "{52ABBBD5-02EC-4B88-87CC-EB25BBA7C251}"
EndProject
Global
	GlobalSection(SolutionConfigurationPlatforms) = preSolution
		Debug|Any CPU = Debug|Any CPU
		Release|Any CPU = Release|Any CPU
	EndGlobalSection
	GlobalSection(ProjectConfigurationPlatforms) = postSolution
		{52ABBBD5-02EC-4B88-87CC-EB25BBA7C251}.Debug|Any CPU.ActiveCfg = Debug|Any CPU
		{52ABBBD5-02EC-4B88-87CC-EB25BBA7C251}.Debug|Any CPU.Build.0 = Debug|Any CPU
		{52ABBBD5-02EC-4B88-87CC-EB25BBA7C251}.Release|Any CPU.ActiveCfg = Release|Any CPU
		{52ABBBD5-02EC-4B88-87CC-EB25BBA7C251}.Release|Any CPU.Build.0 = Release|Any CPU
	EndGlobalSection
	GlobalSection(SolutionProperties) = preSolution
		HideSolutionNode = FALSE
	EndGlobalSection
	GlobalSection(ExtensibilityGlobals) = postSolution
		SolutionGuid = {C970468F-4091-46DA-9344-45D7DA9A4CFA}
	EndGlobalSection
EndGlobal
