
Microsoft Visual Studio Solution File, Format Version 12.00
# Visual Studio Version 16
VisualStudioVersion = 16.0.31624.102
MinimumVisualStudioVersion = 10.0.40219.1
Project("{9A19103F-16F7-4668-BE54-9A1E7A4F7556}") = "GettingStarted", "GettingStarted.csproj", "{ECBA10B4-8AD5-4E4A-AD1D-600C1B8BFFA0}"
EndProject
Global
	GlobalSection(SolutionConfigurationPlatforms) = preSolution
		Debug|Any CPU = Debug|Any CPU
		Release|Any CPU = Release|Any CPU
	EndGlobalSection
	GlobalSection(ProjectConfigurationPlatforms) = postSolution
		{ECBA10B4-8AD5-4E4A-AD1D-600C1B8BFFA0}.Debug|Any CPU.ActiveCfg = Debug|Any CPU
		{ECBA10B4-8AD5-4E4A-AD1D-600C1B8BFFA0}.Debug|Any CPU.Build.0 = Debug|Any CPU
		{ECBA10B4-8AD5-4E4A-AD1D-600C1B8BFFA0}.Release|Any CPU.ActiveCfg = Release|Any CPU
		{ECBA10B4-8AD5-4E4A-AD1D-600C1B8BFFA0}.Release|Any CPU.Build.0 = Release|Any CPU
	EndGlobalSection
	GlobalSection(SolutionProperties) = preSolution
		HideSolutionNode = FALSE
	EndGlobalSection
	GlobalSection(ExtensibilityGlobals) = postSolution
		SolutionGuid = {25FF0C13-7A52-4524-97DE-132D7F40D945}
	EndGlobalSection
EndGlobal
