
Microsoft Visual Studio Solution File, Format Version 12.00
# Visual Studio 15
VisualStudioVersion = 15.0.28307.168
MinimumVisualStudioVersion = 10.0.40219.1
Project("{FAE04EC0-301F-11D3-BF4B-00C04F79EFBC}") = "31 LINQ to XML", "31 LINQ to XML\31 LINQ to XML.csproj", "{70D94D90-C52E-4855-9105-2C19D91D55E3}"
EndProject
Global
	GlobalSection(SolutionConfigurationPlatforms) = preSolution
		Debug|Any CPU = Debug|Any CPU
		Release|Any CPU = Release|Any CPU
	EndGlobalSection
	GlobalSection(ProjectConfigurationPlatforms) = postSolution
		{70D94D90-C52E-4855-9105-2C19D91D55E3}.Debug|Any CPU.ActiveCfg = Debug|Any CPU
		{70D94D90-C52E-4855-9105-2C19D91D55E3}.Debug|Any CPU.Build.0 = Debug|Any CPU
		{70D94D90-C52E-4855-9105-2C19D91D55E3}.Release|Any CPU.ActiveCfg = Release|Any CPU
		{70D94D90-C52E-4855-9105-2C19D91D55E3}.Release|Any CPU.Build.0 = Release|Any CPU
	EndGlobalSection
	GlobalSection(SolutionProperties) = preSolution
		HideSolutionNode = FALSE
	EndGlobalSection
	GlobalSection(ExtensibilityGlobals) = postSolution
		SolutionGuid = {070C6CF8-7767-4DC1-9904-A03F3E63E5C8}
	EndGlobalSection
EndGlobal
