
Microsoft Visual Studio Solution File, Format Version 12.00
# Visual Studio 15
VisualStudioVersion = 15.0.28307.168
MinimumVisualStudioVersion = 10.0.40219.1
Project("{FAE04EC0-301F-11D3-BF4B-00C04F79EFBC}") = "15 Wyliczenie i iteratory", "15 Wyliczenie i iteratory\15 Wyliczenie i iteratory.csproj", "{CFE3E6E6-7D08-47D9-B3D5-D1DE720235AA}"
EndProject
Global
	GlobalSection(SolutionConfigurationPlatforms) = preSolution
		Debug|Any CPU = Debug|Any CPU
		Release|Any CPU = Release|Any CPU
	EndGlobalSection
	GlobalSection(ProjectConfigurationPlatforms) = postSolution
		{CFE3E6E6-7D08-47D9-B3D5-D1DE720235AA}.Debug|Any CPU.ActiveCfg = Debug|Any CPU
		{CFE3E6E6-7D08-47D9-B3D5-D1DE720235AA}.Debug|Any CPU.Build.0 = Debug|Any CPU
		{CFE3E6E6-7D08-47D9-B3D5-D1DE720235AA}.Release|Any CPU.ActiveCfg = Release|Any CPU
		{CFE3E6E6-7D08-47D9-B3D5-D1DE720235AA}.Release|Any CPU.Build.0 = Release|Any CPU
	EndGlobalSection
	GlobalSection(SolutionProperties) = preSolution
		HideSolutionNode = FALSE
	EndGlobalSection
	GlobalSection(ExtensibilityGlobals) = postSolution
		SolutionGuid = {130E3A1E-5908-4EBF-8B62-145CDAD7BDEC}
	EndGlobalSection
EndGlobal
