
Microsoft Visual Studio Solution File, Format Version 12.00
# Visual Studio 15
VisualStudioVersion = 15.0.28307.1000
MinimumVisualStudioVersion = 10.0.40219.1
Project("{FAE04EC0-301F-11D3-BF4B-00C04F79EFBC}") = "Async", "Async\Async.csproj", "{5E828224-EEFB-4C63-9CFE-D1EF5C19A379}"
EndProject
Global
	GlobalSection(SolutionConfigurationPlatforms) = preSolution
		Debug|Any CPU = Debug|Any CPU
		Release|Any CPU = Release|Any CPU
	EndGlobalSection
	GlobalSection(ProjectConfigurationPlatforms) = postSolution
		{5E828224-EEFB-4C63-9CFE-D1EF5C19A379}.Debug|Any CPU.ActiveCfg = Debug|Any CPU
		{5E828224-EEFB-4C63-9CFE-D1EF5C19A379}.Debug|Any CPU.Build.0 = Debug|Any CPU
		{5E828224-EEFB-4C63-9CFE-D1EF5C19A379}.Release|Any CPU.ActiveCfg = Release|Any CPU
		{5E828224-EEFB-4C63-9CFE-D1EF5C19A379}.Release|Any CPU.Build.0 = Release|Any CPU
	EndGlobalSection
	GlobalSection(SolutionProperties) = preSolution
		HideSolutionNode = FALSE
	EndGlobalSection
	GlobalSection(ExtensibilityGlobals) = postSolution
		SolutionGuid = {85E9E6F0-8E12-4509-860C-4149D28BBBF8}
	EndGlobalSection
EndGlobal
