
Microsoft Visual Studio Solution File, Format Version 12.00
# Visual Studio 15
VisualStudioVersion = 15.0.28307.168
MinimumVisualStudioVersion = 10.0.40219.1
Project("{FAE04EC0-301F-11D3-BF4B-00C04F79EFBC}") = "T-SQL 03 QueryToObject", "T-SQL 03 QueryToObject\T-SQL 03 QueryToObject.csproj", "{32B4DA71-1838-4672-83B2-4F1F001C2890}"
EndProject
Global
	GlobalSection(SolutionConfigurationPlatforms) = preSolution
		Debug|Any CPU = Debug|Any CPU
		Release|Any CPU = Release|Any CPU
	EndGlobalSection
	GlobalSection(ProjectConfigurationPlatforms) = postSolution
		{32B4DA71-1838-4672-83B2-4F1F001C2890}.Debug|Any CPU.ActiveCfg = Debug|Any CPU
		{32B4DA71-1838-4672-83B2-4F1F001C2890}.Debug|Any CPU.Build.0 = Debug|Any CPU
		{32B4DA71-1838-4672-83B2-4F1F001C2890}.Release|Any CPU.ActiveCfg = Release|Any CPU
		{32B4DA71-1838-4672-83B2-4F1F001C2890}.Release|Any CPU.Build.0 = Release|Any CPU
	EndGlobalSection
	GlobalSection(SolutionProperties) = preSolution
		HideSolutionNode = FALSE
	EndGlobalSection
	GlobalSection(ExtensibilityGlobals) = postSolution
		SolutionGuid = {6B27C46E-36DD-42F1-9862-299063D20212}
	EndGlobalSection
EndGlobal
