
Microsoft Visual Studio Solution File, Format Version 12.00
# Visual Studio Version 16
VisualStudioVersion = 16.0.31624.102
MinimumVisualStudioVersion = 10.0.40219.1
Project("{FAE04EC0-301F-11D3-BF4B-00C04F79EFBC}") = "SMTP", "SMTP\SMTP.csproj", "{8A1DE3BF-3E74-4CE0-ABDA-08E7A16633DC}"
EndProject
Global
	GlobalSection(SolutionConfigurationPlatforms) = preSolution
		Debug|Any CPU = Debug|Any CPU
		Release|Any CPU = Release|Any CPU
	EndGlobalSection
	GlobalSection(ProjectConfigurationPlatforms) = postSolution
		{8A1DE3BF-3E74-4CE0-ABDA-08E7A16633DC}.Debug|Any CPU.ActiveCfg = Debug|Any CPU
		{8A1DE3BF-3E74-4CE0-ABDA-08E7A16633DC}.Debug|Any CPU.Build.0 = Debug|Any CPU
		{8A1DE3BF-3E74-4CE0-ABDA-08E7A16633DC}.Release|Any CPU.ActiveCfg = Release|Any CPU
		{8A1DE3BF-3E74-4CE0-ABDA-08E7A16633DC}.Release|Any CPU.Build.0 = Release|Any CPU
	EndGlobalSection
	GlobalSection(SolutionProperties) = preSolution
		HideSolutionNode = FALSE
	EndGlobalSection
	GlobalSection(ExtensibilityGlobals) = postSolution
		SolutionGuid = {764006A0-84E6-4501-9078-FAA68B012A7F}
	EndGlobalSection
EndGlobal
