
Microsoft Visual Studio Solution File, Format Version 12.00
# Visual Studio 15
VisualStudioVersion = 15.0.28307.421
MinimumVisualStudioVersion = 10.0.40219.1
Project("{FAE04EC0-301F-11D3-BF4B-00C04F79EFBC}") = "Android 02 Forms.Android", "Android 02 Forms\Android 02 Forms.Android\Android 02 Forms.Android.csproj", "{9A682D21-5133-4605-958C-547415D11C39}"
EndProject
Project("{9A19103F-16F7-4668-BE54-9A1E7A4F7556}") = "Android_02_Forms", "Android 02 Forms\Android 02 Forms\Android_02_Forms.csproj", "{929B683A-C952-47F7-AE54-7136F2CFB651}"
EndProject
Global
	GlobalSection(SolutionConfigurationPlatforms) = preSolution
		Debug|Any CPU = Debug|Any CPU
		Release|Any CPU = Release|Any CPU
	EndGlobalSection
	GlobalSection(ProjectConfigurationPlatforms) = postSolution
		{9A682D21-5133-4605-958C-547415D11C39}.Debug|Any CPU.ActiveCfg = Debug|Any CPU
		{9A682D21-5133-4605-958C-547415D11C39}.Debug|Any CPU.Build.0 = Debug|Any CPU
		{9A682D21-5133-4605-958C-547415D11C39}.Debug|Any CPU.Deploy.0 = Debug|Any CPU
		{9A682D21-5133-4605-958C-547415D11C39}.Release|Any CPU.ActiveCfg = Release|Any CPU
		{9A682D21-5133-4605-958C-547415D11C39}.Release|Any CPU.Build.0 = Release|Any CPU
		{9A682D21-5133-4605-958C-547415D11C39}.Release|Any CPU.Deploy.0 = Release|Any CPU
		{929B683A-C952-47F7-AE54-7136F2CFB651}.Debug|Any CPU.ActiveCfg = Debug|Any CPU
		{929B683A-C952-47F7-AE54-7136F2CFB651}.Debug|Any CPU.Build.0 = Debug|Any CPU
		{929B683A-C952-47F7-AE54-7136F2CFB651}.Release|Any CPU.ActiveCfg = Release|Any CPU
		{929B683A-C952-47F7-AE54-7136F2CFB651}.Release|Any CPU.Build.0 = Release|Any CPU
	EndGlobalSection
	GlobalSection(SolutionProperties) = preSolution
		HideSolutionNode = FALSE
	EndGlobalSection
	GlobalSection(ExtensibilityGlobals) = postSolution
		SolutionGuid = {D85239C9-FB67-45ED-AD5B-2581D448C6B8}
	EndGlobalSection
EndGlobal
