
Microsoft Visual Studio Solution File, Format Version 12.00
# Visual Studio Version 16
VisualStudioVersion = 16.0.31112.23
MinimumVisualStudioVersion = 10.0.40219.1
Project("{9A19103F-16F7-4668-BE54-9A1E7A4F7556}") = "Financial_ML.App", "Financial_ML.App\Financial_ML.App.csproj", "{8229FE23-7188-48D0-AD6A-1E10B8C4FC59}"
EndProject
Project("{9A19103F-16F7-4668-BE54-9A1E7A4F7556}") = "Financial_ML.DAL", "Financial_ML.DAL\Financial_ML.DAL.csproj", "{D9E48FBD-F781-4415-9F45-73CC4DDAB0EF}"
EndProject
Project("{9A19103F-16F7-4668-BE54-9A1E7A4F7556}") = "Financial_ML.Models", "Financial_ML.Models\Financial_ML.Models.csproj", "{A6543802-2762-44C3-9986-70DD01504935}"
EndProject
Project("{9A19103F-16F7-4668-BE54-9A1E7A4F7556}") = "Financial_ML.ViewModels", "Financial_ML.ViewModels\Financial_ML.ViewModels.csproj", "{9931F23C-0397-424C-A202-5DCE4C6D76DB}"
EndProject
Project("{9A19103F-16F7-4668-BE54-9A1E7A4F7556}") = "Financial_ML.Services", "Financial_ML.Services\Financial_ML.Services.csproj", "{153437E1-9965-4645-B636-3E522DE0F85E}"
EndProject
Project("{9A19103F-16F7-4668-BE54-9A1E7A4F7556}") = "Financial_ML.Utilities", "Financial_ML.Utilities\Financial_ML.Utilities.csproj", "{1860A8FE-0FA0-4CC4-8963-92DAA3F787AF}"
EndProject
Project("{FAE04EC0-301F-11D3-BF4B-00C04F79EFBC}") = "Financial_ML.MachineLearning", "Financial_ML.MachineLearning\Financial_ML.MachineLearning.csproj", "{2F296F6B-B894-452A-86A9-0FCAB78E5F93}"
EndProject
Global
	GlobalSection(SolutionConfigurationPlatforms) = preSolution
		Debug|Any CPU = Debug|Any CPU
		Release|Any CPU = Release|Any CPU
	EndGlobalSection
	GlobalSection(ProjectConfigurationPlatforms) = postSolution
		{8229FE23-7188-48D0-AD6A-1E10B8C4FC59}.Debug|Any CPU.ActiveCfg = Debug|Any CPU
		{8229FE23-7188-48D0-AD6A-1E10B8C4FC59}.Debug|Any CPU.Build.0 = Debug|Any CPU
		{8229FE23-7188-48D0-AD6A-1E10B8C4FC59}.Release|Any CPU.ActiveCfg = Release|Any CPU
		{8229FE23-7188-48D0-AD6A-1E10B8C4FC59}.Release|Any CPU.Build.0 = Release|Any CPU
		{D9E48FBD-F781-4415-9F45-73CC4DDAB0EF}.Debug|Any CPU.ActiveCfg = Debug|Any CPU
		{D9E48FBD-F781-4415-9F45-73CC4DDAB0EF}.Debug|Any CPU.Build.0 = Debug|Any CPU
		{D9E48FBD-F781-4415-9F45-73CC4DDAB0EF}.Release|Any CPU.ActiveCfg = Release|Any CPU
		{D9E48FBD-F781-4415-9F45-73CC4DDAB0EF}.Release|Any CPU.Build.0 = Release|Any CPU
		{A6543802-2762-44C3-9986-70DD01504935}.Debug|Any CPU.ActiveCfg = Debug|Any CPU
		{A6543802-2762-44C3-9986-70DD01504935}.Debug|Any CPU.Build.0 = Debug|Any CPU
		{A6543802-2762-44C3-9986-70DD01504935}.Release|Any CPU.ActiveCfg = Release|Any CPU
		{A6543802-2762-44C3-9986-70DD01504935}.Release|Any CPU.Build.0 = Release|Any CPU
		{9931F23C-0397-424C-A202-5DCE4C6D76DB}.Debug|Any CPU.ActiveCfg = Debug|Any CPU
		{9931F23C-0397-424C-A202-5DCE4C6D76DB}.Debug|Any CPU.Build.0 = Debug|Any CPU
		{9931F23C-0397-424C-A202-5DCE4C6D76DB}.Release|Any CPU.ActiveCfg = Release|Any CPU
		{9931F23C-0397-424C-A202-5DCE4C6D76DB}.Release|Any CPU.Build.0 = Release|Any CPU
		{153437E1-9965-4645-B636-3E522DE0F85E}.Debug|Any CPU.ActiveCfg = Debug|Any CPU
		{153437E1-9965-4645-B636-3E522DE0F85E}.Debug|Any CPU.Build.0 = Debug|Any CPU
		{153437E1-9965-4645-B636-3E522DE0F85E}.Release|Any CPU.ActiveCfg = Release|Any CPU
		{153437E1-9965-4645-B636-3E522DE0F85E}.Release|Any CPU.Build.0 = Release|Any CPU
		{1860A8FE-0FA0-4CC4-8963-92DAA3F787AF}.Debug|Any CPU.ActiveCfg = Debug|Any CPU
		{1860A8FE-0FA0-4CC4-8963-92DAA3F787AF}.Debug|Any CPU.Build.0 = Debug|Any CPU
		{1860A8FE-0FA0-4CC4-8963-92DAA3F787AF}.Release|Any CPU.ActiveCfg = Release|Any CPU
		{1860A8FE-0FA0-4CC4-8963-92DAA3F787AF}.Release|Any CPU.Build.0 = Release|Any CPU
		{2F296F6B-B894-452A-86A9-0FCAB78E5F93}.Debug|Any CPU.ActiveCfg = Debug|Any CPU
		{2F296F6B-B894-452A-86A9-0FCAB78E5F93}.Debug|Any CPU.Build.0 = Debug|Any CPU
		{2F296F6B-B894-452A-86A9-0FCAB78E5F93}.Release|Any CPU.ActiveCfg = Release|Any CPU
		{2F296F6B-B894-452A-86A9-0FCAB78E5F93}.Release|Any CPU.Build.0 = Release|Any CPU
	EndGlobalSection
	GlobalSection(SolutionProperties) = preSolution
		HideSolutionNode = FALSE
	EndGlobalSection
	GlobalSection(ExtensibilityGlobals) = postSolution
		SolutionGuid = {781C8A7D-411E-4481-8F5B-EEF455E231C8}
	EndGlobalSection
EndGlobal
