
Microsoft Visual Studio Solution File, Format Version 12.00
# Visual Studio 15
VisualStudioVersion = 15.0.28307.421
MinimumVisualStudioVersion = 10.0.40219.1
Project("{FAE04EC0-301F-11D3-BF4B-00C04F79EFBC}") = "XamFormsMVVM.Android", "XamFormsMVVM\XamFormsMVVM.Android\XamFormsMVVM.Android.csproj", "{974D4C44-AA29-400B-948A-47694B14395B}"
EndProject
Project("{FAE04EC0-301F-11D3-BF4B-00C04F79EFBC}") = "XamFormsMVVM", "XamFormsMVVM\XamFormsMVVM\XamFormsMVVM.csproj", "{9F728DBC-3C64-4918-BB7E-F4148B9EF48C}"
EndProject
Global
	GlobalSection(SolutionConfigurationPlatforms) = preSolution
		Debug|Any CPU = Debug|Any CPU
		Release|Any CPU = Release|Any CPU
	EndGlobalSection
	GlobalSection(ProjectConfigurationPlatforms) = postSolution
		{974D4C44-AA29-400B-948A-47694B14395B}.Debug|Any CPU.ActiveCfg = Debug|Any CPU
		{974D4C44-AA29-400B-948A-47694B14395B}.Debug|Any CPU.Build.0 = Debug|Any CPU
		{974D4C44-AA29-400B-948A-47694B14395B}.Debug|Any CPU.Deploy.0 = Debug|Any CPU
		{974D4C44-AA29-400B-948A-47694B14395B}.Release|Any CPU.ActiveCfg = Release|Any CPU
		{974D4C44-AA29-400B-948A-47694B14395B}.Release|Any CPU.Build.0 = Release|Any CPU
		{974D4C44-AA29-400B-948A-47694B14395B}.Release|Any CPU.Deploy.0 = Release|Any CPU
		{9F728DBC-3C64-4918-BB7E-F4148B9EF48C}.Debug|Any CPU.ActiveCfg = Debug|Any CPU
		{9F728DBC-3C64-4918-BB7E-F4148B9EF48C}.Debug|Any CPU.Build.0 = Debug|Any CPU
		{9F728DBC-3C64-4918-BB7E-F4148B9EF48C}.Release|Any CPU.ActiveCfg = Release|Any CPU
		{9F728DBC-3C64-4918-BB7E-F4148B9EF48C}.Release|Any CPU.Build.0 = Release|Any CPU
	EndGlobalSection
	GlobalSection(SolutionProperties) = preSolution
		HideSolutionNode = FALSE
	EndGlobalSection
	GlobalSection(ExtensibilityGlobals) = postSolution
		SolutionGuid = {AF6180F6-FD91-48FE-946B-CFD725395C15}
	EndGlobalSection
EndGlobal
