
Microsoft Visual Studio Solution File, Format Version 12.00
# Visual Studio 15
VisualStudioVersion = 15.0.28307.1000
MinimumVisualStudioVersion = 10.0.40219.1
Project("{FAE04EC0-301F-11D3-BF4B-00C04F79EFBC}") = "01_DI_Example_HelloDI", "01_DI_Example_HelloDI\01_DI_Example_HelloDI.csproj", "{9F138FD2-8EA3-493F-87DC-4C5320AAD30B}"
EndProject
Global
	GlobalSection(SolutionConfigurationPlatforms) = preSolution
		Debug|Any CPU = Debug|Any CPU
		Release|Any CPU = Release|Any CPU
	EndGlobalSection
	GlobalSection(ProjectConfigurationPlatforms) = postSolution
		{9F138FD2-8EA3-493F-87DC-4C5320AAD30B}.Debug|Any CPU.ActiveCfg = Debug|Any CPU
		{9F138FD2-8EA3-493F-87DC-4C5320AAD30B}.Debug|Any CPU.Build.0 = Debug|Any CPU
		{9F138FD2-8EA3-493F-87DC-4C5320AAD30B}.Release|Any CPU.ActiveCfg = Release|Any CPU
		{9F138FD2-8EA3-493F-87DC-4C5320AAD30B}.Release|Any CPU.Build.0 = Release|Any CPU
	EndGlobalSection
	GlobalSection(SolutionProperties) = preSolution
		HideSolutionNode = FALSE
	EndGlobalSection
	GlobalSection(ExtensibilityGlobals) = postSolution
		SolutionGuid = {76ED088B-5F9B-4D40-AC22-0908BD120C51}
	EndGlobalSection
EndGlobal
