
Microsoft Visual Studio Solution File, Format Version 12.00
# Visual Studio 15
VisualStudioVersion = 15.0.28307.757
MinimumVisualStudioVersion = 10.0.40219.1
Project("{FAE04EC0-301F-11D3-BF4B-00C04F79EFBC}") = "Wpf_", "Wpf_\Wpf_.csproj", "{8F5454F0-7EE8-439C-803D-FCCC08F64CEA}"
EndProject
Project("{FAE04EC0-301F-11D3-BF4B-00C04F79EFBC}") = "Wpf_Services", "Wpf_Services\Wpf_Services.csproj", "{46E6AE5E-BF1D-4E60-9034-2CED31FFA1D3}"
EndProject
Project("{FAE04EC0-301F-11D3-BF4B-00C04F79EFBC}") = "Wpf_Models", "Wpf_Models\Wpf_Models.csproj", "{821DE77E-33E1-4086-B207-4415EE48ACE1}"
EndProject
Global
	GlobalSection(SolutionConfigurationPlatforms) = preSolution
		Debug|Any CPU = Debug|Any CPU
		Release|Any CPU = Release|Any CPU
	EndGlobalSection
	GlobalSection(ProjectConfigurationPlatforms) = postSolution
		{8F5454F0-7EE8-439C-803D-FCCC08F64CEA}.Debug|Any CPU.ActiveCfg = Debug|Any CPU
		{8F5454F0-7EE8-439C-803D-FCCC08F64CEA}.Debug|Any CPU.Build.0 = Debug|Any CPU
		{8F5454F0-7EE8-439C-803D-FCCC08F64CEA}.Release|Any CPU.ActiveCfg = Release|Any CPU
		{8F5454F0-7EE8-439C-803D-FCCC08F64CEA}.Release|Any CPU.Build.0 = Release|Any CPU
		{46E6AE5E-BF1D-4E60-9034-2CED31FFA1D3}.Debug|Any CPU.ActiveCfg = Debug|Any CPU
		{46E6AE5E-BF1D-4E60-9034-2CED31FFA1D3}.Debug|Any CPU.Build.0 = Debug|Any CPU
		{46E6AE5E-BF1D-4E60-9034-2CED31FFA1D3}.Release|Any CPU.ActiveCfg = Release|Any CPU
		{46E6AE5E-BF1D-4E60-9034-2CED31FFA1D3}.Release|Any CPU.Build.0 = Release|Any CPU
		{821DE77E-33E1-4086-B207-4415EE48ACE1}.Debug|Any CPU.ActiveCfg = Debug|Any CPU
		{821DE77E-33E1-4086-B207-4415EE48ACE1}.Debug|Any CPU.Build.0 = Debug|Any CPU
		{821DE77E-33E1-4086-B207-4415EE48ACE1}.Release|Any CPU.ActiveCfg = Release|Any CPU
		{821DE77E-33E1-4086-B207-4415EE48ACE1}.Release|Any CPU.Build.0 = Release|Any CPU
	EndGlobalSection
	GlobalSection(SolutionProperties) = preSolution
		HideSolutionNode = FALSE
	EndGlobalSection
	GlobalSection(ExtensibilityGlobals) = postSolution
		SolutionGuid = {D4457F5F-D50A-472E-997D-8DFDEE83FA0A}
	EndGlobalSection
EndGlobal
