
Microsoft Visual Studio Solution File, Format Version 12.00
# Visual Studio 15
VisualStudioVersion = 15.0.28307.1000
MinimumVisualStudioVersion = 10.0.40219.1
Project("{FAE04EC0-301F-11D3-BF4B-00C04F79EFBC}") = "TimedHostedService", "TimedHostedService\TimedHostedService.csproj", "{960D1619-0337-4775-B26D-E5DCE65A4DA5}"
EndProject
Global
	GlobalSection(SolutionConfigurationPlatforms) = preSolution
		Debug|Any CPU = Debug|Any CPU
		Release|Any CPU = Release|Any CPU
	EndGlobalSection
	GlobalSection(ProjectConfigurationPlatforms) = postSolution
		{960D1619-0337-4775-B26D-E5DCE65A4DA5}.Debug|Any CPU.ActiveCfg = Debug|Any CPU
		{960D1619-0337-4775-B26D-E5DCE65A4DA5}.Debug|Any CPU.Build.0 = Debug|Any CPU
		{960D1619-0337-4775-B26D-E5DCE65A4DA5}.Release|Any CPU.ActiveCfg = Release|Any CPU
		{960D1619-0337-4775-B26D-E5DCE65A4DA5}.Release|Any CPU.Build.0 = Release|Any CPU
	EndGlobalSection
	GlobalSection(SolutionProperties) = preSolution
		HideSolutionNode = FALSE
	EndGlobalSection
	GlobalSection(ExtensibilityGlobals) = postSolution
		SolutionGuid = {DEAB4543-4281-4D4F-89D1-A755FF40165D}
	EndGlobalSection
EndGlobal
