
Microsoft Visual Studio Solution File, Format Version 12.00
# Visual Studio 15
VisualStudioVersion = 15.0.28307.102
MinimumVisualStudioVersion = 10.0.40219.1
Project("{FAE04EC0-301F-11D3-BF4B-00C04F79EFBC}") = "07 Zmienne i parametry", "07 Zmienne i parametry\07 Zmienne i parametry.csproj", "{2E3C8DFA-B917-49E9-9C01-C02408FDA786}"
EndProject
Global
	GlobalSection(SolutionConfigurationPlatforms) = preSolution
		Debug|Any CPU = Debug|Any CPU
		Release|Any CPU = Release|Any CPU
	EndGlobalSection
	GlobalSection(ProjectConfigurationPlatforms) = postSolution
		{2E3C8DFA-B917-49E9-9C01-C02408FDA786}.Debug|Any CPU.ActiveCfg = Debug|Any CPU
		{2E3C8DFA-B917-49E9-9C01-C02408FDA786}.Debug|Any CPU.Build.0 = Debug|Any CPU
		{2E3C8DFA-B917-49E9-9C01-C02408FDA786}.Release|Any CPU.ActiveCfg = Release|Any CPU
		{2E3C8DFA-B917-49E9-9C01-C02408FDA786}.Release|Any CPU.Build.0 = Release|Any CPU
	EndGlobalSection
	GlobalSection(SolutionProperties) = preSolution
		HideSolutionNode = FALSE
	EndGlobalSection
	GlobalSection(ExtensibilityGlobals) = postSolution
		SolutionGuid = {226B5AE8-0D63-4B3D-8D59-FD79266FFB99}
	EndGlobalSection
EndGlobal
