
Microsoft Visual Studio Solution File, Format Version 12.00
# Visual Studio Version 17
VisualStudioVersion = 17.2.32616.157
MinimumVisualStudioVersion = 10.0.40219.1
Project("{FAE04EC0-301F-11D3-BF4B-00C04F79EFBC}") = "Other_04_Polly", "Other_04_Polly\Other_04_Polly.csproj", "{8562833D-B598-4A38-BDEF-1A094F2E73D0}"
EndProject
Global
	GlobalSection(SolutionConfigurationPlatforms) = preSolution
		Debug|Any CPU = Debug|Any CPU
		Release|Any CPU = Release|Any CPU
	EndGlobalSection
	GlobalSection(ProjectConfigurationPlatforms) = postSolution
		{8562833D-B598-4A38-BDEF-1A094F2E73D0}.Debug|Any CPU.ActiveCfg = Debug|Any CPU
		{8562833D-B598-4A38-BDEF-1A094F2E73D0}.Debug|Any CPU.Build.0 = Debug|Any CPU
		{8562833D-B598-4A38-BDEF-1A094F2E73D0}.Release|Any CPU.ActiveCfg = Release|Any CPU
		{8562833D-B598-4A38-BDEF-1A094F2E73D0}.Release|Any CPU.Build.0 = Release|Any CPU
	EndGlobalSection
	GlobalSection(SolutionProperties) = preSolution
		HideSolutionNode = FALSE
	EndGlobalSection
	GlobalSection(ExtensibilityGlobals) = postSolution
		SolutionGuid = {033C4EF4-DD84-4ECE-B062-B42C2D25251E}
	EndGlobalSection
EndGlobal
