
Microsoft Visual Studio Solution File, Format Version 12.00
# Visual Studio 15
VisualStudioVersion = 15.0.28307.757
MinimumVisualStudioVersion = 10.0.40219.1
Project("{FAE04EC0-301F-11D3-BF4B-00C04F79EFBC}") = "Attributes_", "Attributes_\Attributes_.csproj", "{31829A86-F8CF-48E5-8B56-E1D1E94DDDA0}"
EndProject
Global
	GlobalSection(SolutionConfigurationPlatforms) = preSolution
		Debug|Any CPU = Debug|Any CPU
		Release|Any CPU = Release|Any CPU
	EndGlobalSection
	GlobalSection(ProjectConfigurationPlatforms) = postSolution
		{31829A86-F8CF-48E5-8B56-E1D1E94DDDA0}.Debug|Any CPU.ActiveCfg = Debug|Any CPU
		{31829A86-F8CF-48E5-8B56-E1D1E94DDDA0}.Debug|Any CPU.Build.0 = Debug|Any CPU
		{31829A86-F8CF-48E5-8B56-E1D1E94DDDA0}.Release|Any CPU.ActiveCfg = Release|Any CPU
		{31829A86-F8CF-48E5-8B56-E1D1E94DDDA0}.Release|Any CPU.Build.0 = Release|Any CPU
	EndGlobalSection
	GlobalSection(SolutionProperties) = preSolution
		HideSolutionNode = FALSE
	EndGlobalSection
	GlobalSection(ExtensibilityGlobals) = postSolution
		SolutionGuid = {69FBACAB-26A8-40CB-AE89-95C00E47BB3A}
	EndGlobalSection
EndGlobal
