
Microsoft Visual Studio Solution File, Format Version 12.00
# Visual Studio 15
VisualStudioVersion = 15.0.28307.1000
MinimumVisualStudioVersion = 10.0.40219.1
Project("{FAE04EC0-301F-11D3-BF4B-00C04F79EFBC}") = "Financial_02_WpfTest", "Financial_02_WpfTest\Financial_02_WpfTest.csproj", "{BEAECD85-28F4-4012-9586-33E12CB80CC4}"
EndProject
Global
	GlobalSection(SolutionConfigurationPlatforms) = preSolution
		Debug|Any CPU = Debug|Any CPU
		Release|Any CPU = Release|Any CPU
	EndGlobalSection
	GlobalSection(ProjectConfigurationPlatforms) = postSolution
		{BEAECD85-28F4-4012-9586-33E12CB80CC4}.Debug|Any CPU.ActiveCfg = Debug|Any CPU
		{BEAECD85-28F4-4012-9586-33E12CB80CC4}.Debug|Any CPU.Build.0 = Debug|Any CPU
		{BEAECD85-28F4-4012-9586-33E12CB80CC4}.Release|Any CPU.ActiveCfg = Release|Any CPU
		{BEAECD85-28F4-4012-9586-33E12CB80CC4}.Release|Any CPU.Build.0 = Release|Any CPU
	EndGlobalSection
	GlobalSection(SolutionProperties) = preSolution
		HideSolutionNode = FALSE
	EndGlobalSection
	GlobalSection(ExtensibilityGlobals) = postSolution
		SolutionGuid = {D28E7BE4-8FB4-49B2-B82F-B4E07159DD98}
	EndGlobalSection
EndGlobal
