
Microsoft Visual Studio Solution File, Format Version 12.00
# Visual Studio 15
VisualStudioVersion = 15.0.28307.168
MinimumVisualStudioVersion = 10.0.40219.1
Project("{FAE04EC0-301F-11D3-BF4B-00C04F79EFBC}") = "32 Zwalnianie zasobów", "32 Zwalnianie zasobów\32 Zwalnianie zasobów.csproj", "{854EE280-4DC7-4850-BDBD-856078A4EAAF}"
EndProject
Global
	GlobalSection(SolutionConfigurationPlatforms) = preSolution
		Debug|Any CPU = Debug|Any CPU
		Release|Any CPU = Release|Any CPU
	EndGlobalSection
	GlobalSection(ProjectConfigurationPlatforms) = postSolution
		{854EE280-4DC7-4850-BDBD-856078A4EAAF}.Debug|Any CPU.ActiveCfg = Debug|Any CPU
		{854EE280-4DC7-4850-BDBD-856078A4EAAF}.Debug|Any CPU.Build.0 = Debug|Any CPU
		{854EE280-4DC7-4850-BDBD-856078A4EAAF}.Release|Any CPU.ActiveCfg = Release|Any CPU
		{854EE280-4DC7-4850-BDBD-856078A4EAAF}.Release|Any CPU.Build.0 = Release|Any CPU
	EndGlobalSection
	GlobalSection(SolutionProperties) = preSolution
		HideSolutionNode = FALSE
	EndGlobalSection
	GlobalSection(ExtensibilityGlobals) = postSolution
		SolutionGuid = {C0755D03-CFBA-413E-BA18-7CD9ECD916C1}
	EndGlobalSection
EndGlobal
