
Microsoft Visual Studio Solution File, Format Version 12.00
# Visual Studio Version 16
VisualStudioVersion = 16.0.31112.23
MinimumVisualStudioVersion = 10.0.40219.1
Project("{FAE04EC0-301F-11D3-BF4B-00C04F79EFBC}") = "Tutorial_05_RNN_LSTM", "Tutorial_05_RNN_LSTM\Tutorial_05_RNN_LSTM.csproj", "{A831D2A0-187E-4C27-B959-32D039D87D2A}"
EndProject
Global
	GlobalSection(SolutionConfigurationPlatforms) = preSolution
		Debug|Any CPU = Debug|Any CPU
		Release|Any CPU = Release|Any CPU
	EndGlobalSection
	GlobalSection(ProjectConfigurationPlatforms) = postSolution
		{A831D2A0-187E-4C27-B959-32D039D87D2A}.Debug|Any CPU.ActiveCfg = Debug|Any CPU
		{A831D2A0-187E-4C27-B959-32D039D87D2A}.Debug|Any CPU.Build.0 = Debug|Any CPU
		{A831D2A0-187E-4C27-B959-32D039D87D2A}.Release|Any CPU.ActiveCfg = Release|Any CPU
		{A831D2A0-187E-4C27-B959-32D039D87D2A}.Release|Any CPU.Build.0 = Release|Any CPU
	EndGlobalSection
	GlobalSection(SolutionProperties) = preSolution
		HideSolutionNode = FALSE
	EndGlobalSection
	GlobalSection(ExtensibilityGlobals) = postSolution
		SolutionGuid = {6E38BAAE-0C86-448C-9A93-990EDA4D1FA6}
	EndGlobalSection
EndGlobal
