
Microsoft Visual Studio Solution File, Format Version 12.00
# Visual Studio 15
VisualStudioVersion = 15.0.28307.1000
MinimumVisualStudioVersion = 10.0.40219.1
Project("{FAE04EC0-301F-11D3-BF4B-00C04F79EFBC}") = "Financial_01_HelloWorld", "Financial_01_HelloWorld\Financial_01_HelloWorld.csproj", "{252D0886-A7F6-484E-A246-DA3129512F5D}"
EndProject
Global
	GlobalSection(SolutionConfigurationPlatforms) = preSolution
		Debug|Any CPU = Debug|Any CPU
		Release|Any CPU = Release|Any CPU
	EndGlobalSection
	GlobalSection(ProjectConfigurationPlatforms) = postSolution
		{252D0886-A7F6-484E-A246-DA3129512F5D}.Debug|Any CPU.ActiveCfg = Debug|Any CPU
		{252D0886-A7F6-484E-A246-DA3129512F5D}.Debug|Any CPU.Build.0 = Debug|Any CPU
		{252D0886-A7F6-484E-A246-DA3129512F5D}.Release|Any CPU.ActiveCfg = Release|Any CPU
		{252D0886-A7F6-484E-A246-DA3129512F5D}.Release|Any CPU.Build.0 = Release|Any CPU
	EndGlobalSection
	GlobalSection(SolutionProperties) = preSolution
		HideSolutionNode = FALSE
	EndGlobalSection
	GlobalSection(ExtensibilityGlobals) = postSolution
		SolutionGuid = {535826A1-FC75-4E20-B149-BAD1C637D779}
	EndGlobalSection
EndGlobal
