
Microsoft Visual Studio Solution File, Format Version 12.00
# Visual Studio 15
VisualStudioVersion = 15.0.28307.168
MinimumVisualStudioVersion = 10.0.40219.1
Project("{FAE04EC0-301F-11D3-BF4B-00C04F79EFBC}") = "Generics 02 SampleMethod", "Generics 02 SampleMethod\Generics 02 SampleMethod.csproj", "{83067B1C-720D-4629-9ED6-9AAF5CEF45D7}"
EndProject
Global
	GlobalSection(SolutionConfigurationPlatforms) = preSolution
		Debug|Any CPU = Debug|Any CPU
		Release|Any CPU = Release|Any CPU
	EndGlobalSection
	GlobalSection(ProjectConfigurationPlatforms) = postSolution
		{83067B1C-720D-4629-9ED6-9AAF5CEF45D7}.Debug|Any CPU.ActiveCfg = Debug|Any CPU
		{83067B1C-720D-4629-9ED6-9AAF5CEF45D7}.Debug|Any CPU.Build.0 = Debug|Any CPU
		{83067B1C-720D-4629-9ED6-9AAF5CEF45D7}.Release|Any CPU.ActiveCfg = Release|Any CPU
		{83067B1C-720D-4629-9ED6-9AAF5CEF45D7}.Release|Any CPU.Build.0 = Release|Any CPU
	EndGlobalSection
	GlobalSection(SolutionProperties) = preSolution
		HideSolutionNode = FALSE
	EndGlobalSection
	GlobalSection(ExtensibilityGlobals) = postSolution
		SolutionGuid = {E19099B4-C1C7-458D-847C-E7000E7ADE3D}
	EndGlobalSection
EndGlobal
