
Microsoft Visual Studio Solution File, Format Version 12.00
# Visual Studio 15
VisualStudioVersion = 15.0.28307.421
MinimumVisualStudioVersion = 10.0.40219.1
Project("{FAE04EC0-301F-11D3-BF4B-00C04F79EFBC}") = "XamData.Android", "XamData\XamData.Android\XamData.Android.csproj", "{E5642291-C15F-4AA4-B034-5BE0A6578F69}"
EndProject
Project("{FAE04EC0-301F-11D3-BF4B-00C04F79EFBC}") = "XamData", "XamData\XamData\XamData.csproj", "{AFF6ACB4-5747-4BB4-87DF-5AA80B5D8353}"
EndProject
Global
	GlobalSection(SolutionConfigurationPlatforms) = preSolution
		Debug|Any CPU = Debug|Any CPU
		Release|Any CPU = Release|Any CPU
	EndGlobalSection
	GlobalSection(ProjectConfigurationPlatforms) = postSolution
		{E5642291-C15F-4AA4-B034-5BE0A6578F69}.Debug|Any CPU.ActiveCfg = Debug|Any CPU
		{E5642291-C15F-4AA4-B034-5BE0A6578F69}.Debug|Any CPU.Build.0 = Debug|Any CPU
		{E5642291-C15F-4AA4-B034-5BE0A6578F69}.Debug|Any CPU.Deploy.0 = Debug|Any CPU
		{E5642291-C15F-4AA4-B034-5BE0A6578F69}.Release|Any CPU.ActiveCfg = Release|Any CPU
		{E5642291-C15F-4AA4-B034-5BE0A6578F69}.Release|Any CPU.Build.0 = Release|Any CPU
		{E5642291-C15F-4AA4-B034-5BE0A6578F69}.Release|Any CPU.Deploy.0 = Release|Any CPU
		{AFF6ACB4-5747-4BB4-87DF-5AA80B5D8353}.Debug|Any CPU.ActiveCfg = Debug|Any CPU
		{AFF6ACB4-5747-4BB4-87DF-5AA80B5D8353}.Debug|Any CPU.Build.0 = Debug|Any CPU
		{AFF6ACB4-5747-4BB4-87DF-5AA80B5D8353}.Release|Any CPU.ActiveCfg = Release|Any CPU
		{AFF6ACB4-5747-4BB4-87DF-5AA80B5D8353}.Release|Any CPU.Build.0 = Release|Any CPU
	EndGlobalSection
	GlobalSection(SolutionProperties) = preSolution
		HideSolutionNode = FALSE
	EndGlobalSection
	GlobalSection(ExtensibilityGlobals) = postSolution
		SolutionGuid = {C523BFD2-034C-4C91-B8EE-91C20A1F4AE1}
	EndGlobalSection
EndGlobal
