
Microsoft Visual Studio Solution File, Format Version 12.00
# Visual Studio 15
VisualStudioVersion = 15.0.28307.168
MinimumVisualStudioVersion = 10.0.40219.1
Project("{FAE04EC0-301F-11D3-BF4B-00C04F79EFBC}") = "22 Wyliczenia", "22 Wyliczenia\22 Wyliczenia.csproj", "{FCD5B69B-0D1B-40E8-8965-39D05C996A1C}"
EndProject
Global
	GlobalSection(SolutionConfigurationPlatforms) = preSolution
		Debug|Any CPU = Debug|Any CPU
		Release|Any CPU = Release|Any CPU
	EndGlobalSection
	GlobalSection(ProjectConfigurationPlatforms) = postSolution
		{FCD5B69B-0D1B-40E8-8965-39D05C996A1C}.Debug|Any CPU.ActiveCfg = Debug|Any CPU
		{FCD5B69B-0D1B-40E8-8965-39D05C996A1C}.Debug|Any CPU.Build.0 = Debug|Any CPU
		{FCD5B69B-0D1B-40E8-8965-39D05C996A1C}.Release|Any CPU.ActiveCfg = Release|Any CPU
		{FCD5B69B-0D1B-40E8-8965-39D05C996A1C}.Release|Any CPU.Build.0 = Release|Any CPU
	EndGlobalSection
	GlobalSection(SolutionProperties) = preSolution
		HideSolutionNode = FALSE
	EndGlobalSection
	GlobalSection(ExtensibilityGlobals) = postSolution
		SolutionGuid = {E609E113-C99E-4480-B21E-2FE27EE63938}
	EndGlobalSection
EndGlobal
