
Microsoft Visual Studio Solution File, Format Version 12.00
# Visual Studio Version 16
VisualStudioVersion = 16.0.31112.23
MinimumVisualStudioVersion = 10.0.40219.1
Project("{FAE04EC0-301F-11D3-BF4B-00C04F79EFBC}") = "Tutorial_02_InsurancePricePrediction", "Tutorial_02_InsurancePricePrediction\Tutorial_02_InsurancePricePrediction.csproj", "{906F4187-1964-4DDE-AAE9-3D9B7D3D2D2A}"
EndProject
Global
	GlobalSection(SolutionConfigurationPlatforms) = preSolution
		Debug|Any CPU = Debug|Any CPU
		Release|Any CPU = Release|Any CPU
	EndGlobalSection
	GlobalSection(ProjectConfigurationPlatforms) = postSolution
		{906F4187-1964-4DDE-AAE9-3D9B7D3D2D2A}.Debug|Any CPU.ActiveCfg = Debug|Any CPU
		{906F4187-1964-4DDE-AAE9-3D9B7D3D2D2A}.Debug|Any CPU.Build.0 = Debug|Any CPU
		{906F4187-1964-4DDE-AAE9-3D9B7D3D2D2A}.Release|Any CPU.ActiveCfg = Release|Any CPU
		{906F4187-1964-4DDE-AAE9-3D9B7D3D2D2A}.Release|Any CPU.Build.0 = Release|Any CPU
	EndGlobalSection
	GlobalSection(SolutionProperties) = preSolution
		HideSolutionNode = FALSE
	EndGlobalSection
	GlobalSection(ExtensibilityGlobals) = postSolution
		SolutionGuid = {2731317B-C366-4202-9E72-25D09D730F1E}
	EndGlobalSection
EndGlobal
